// !$*UTF8*$!
{
	archiveVersion = 1;
	classes = {
	};
	objectVersion = 50;
	objects = {

/* Begin PBXBuildFile section */
		544BBEE224D4019500802969 /* shaders.cpp in Sources */ = {isa = PBXBuildFile; fileRef = 544BBEE124D4019500802969 /* shaders.cpp */; };
		544BBEF124D955F200802969 /* texture.cpp in Sources */ = {isa = PBXBuildFile; fileRef = 544BBEF024D955F200802969 /* texture.cpp */; };
		54CE6DE624D2C2FC00E9A4D9 /* main.cpp in Sources */ = {isa = PBXBuildFile; fileRef = 54CE6DE524D2C2FC00E9A4D9 /* main.cpp */; };
		54CE6E0124D2C64500E9A4D9 /* OpenGL.framework in Frameworks */ = {isa = PBXBuildFile; fileRef = 54CE6DFB24D2C46400E9A4D9 /* OpenGL.framework */; };
		54CE6E0224D2C66400E9A4D9 /* libGLEW.2.1.0.dylib in Frameworks */ = {isa = PBXBuildFile; fileRef = 54CE6DFD24D2C48700E9A4D9 /* libGLEW.2.1.0.dylib */; };
		54CE6E0324D2C66400E9A4D9 /* libglfw.3.3.dylib in Frameworks */ = {isa = PBXBuildFile; fileRef = 54CE6DFF24D2C4AC00E9A4D9 /* libglfw.3.3.dylib */; };
		54CE6E0524D2C76F00E9A4D9 /* glad.c in Sources */ = {isa = PBXBuildFile; fileRef = 54CE6E0424D2C76F00E9A4D9 /* glad.c */; };
		54CE6E0724D2C7E800E9A4D9 /* triangle.cpp in Sources */ = {isa = PBXBuildFile; fileRef = 54CE6E0624D2C7E800E9A4D9 /* triangle.cpp */; };
		54CE6E0A24D2C83F00E9A4D9 /* window_show.cpp in Sources */ = {isa = PBXBuildFile; fileRef = 54CE6E0924D2C83F00E9A4D9 /* window_show.cpp */; };
/* End PBXBuildFile section */

/* Begin PBXCopyFilesBuildPhase section */
		54CE6DE024D2C2FC00E9A4D9 /* CopyFiles */ = {
			isa = PBXCopyFilesBuildPhase;
			buildActionMask = 2147483647;
			dstPath = /usr/share/man/man1/;
			dstSubfolderSpec = 0;
			files = (
			);
			runOnlyForDeploymentPostprocessing = 1;
		};
/* End PBXCopyFilesBuildPhase section */

/* Begin PBXFileReference section */
		544BBEE024D3C4CD00802969 /* md */ = {isa = PBXFileReference; lastKnownFileType = folder; path = md; sourceTree = "<group>"; };
		544BBEE124D4019500802969 /* shaders.cpp */ = {isa = PBXFileReference; lastKnownFileType = sourcecode.cpp.cpp; path = shaders.cpp; sourceTree = "<group>"; };
		544BBEEC24D9162200802969 /* triangle.h */ = {isa = PBXFileReference; lastKnownFileType = sourcecode.c.h; path = triangle.h; sourceTree = "<group>"; };
		544BBEED24D9162D00802969 /* shaders.h */ = {isa = PBXFileReference; lastKnownFileType = sourcecode.c.h; path = shaders.h; sourceTree = "<group>"; };
		544BBEEE24D9169B00802969 /* window_show.h */ = {isa = PBXFileReference; lastKnownFileType = sourcecode.c.h; path = window_show.h; sourceTree = "<group>"; };
		544BBEEF24D955DF00802969 /* texture.h */ = {isa = PBXFileReference; lastKnownFileType = sourcecode.c.h; path = texture.h; sourceTree = "<group>"; };
		544BBEF024D955F200802969 /* texture.cpp */ = {isa = PBXFileReference; lastKnownFileType = sourcecode.cpp.cpp; path = texture.cpp; sourceTree = "<group>"; };
		54CE6DE224D2C2FC00E9A4D9 /* opengl */ = {isa = PBXFileReference; explicitFileType = "compiled.mach-o.executable"; includeInIndex = 0; path = opengl; sourceTree = BUILT_PRODUCTS_DIR; };
		54CE6DE524D2C2FC00E9A4D9 /* main.cpp */ = {isa = PBXFileReference; lastKnownFileType = sourcecode.cpp.cpp; path = main.cpp; sourceTree = "<group>"; };
		54CE6DF324D2C44400E9A4D9 /* IOKit.framework */ = {isa = PBXFileReference; lastKnownFileType = wrapper.framework; name = IOKit.framework; path = System/Library/Frameworks/IOKit.framework; sourceTree = SDKROOT; };
		54CE6DF524D2C44D00E9A4D9 /* CoreVideo.framework */ = {isa = PBXFileReference; lastKnownFileType = wrapper.framework; name = CoreVideo.framework; path = System/Library/Frameworks/CoreVideo.framework; sourceTree = SDKROOT; };
		54CE6DF724D2C45800E9A4D9 /* GLUT.framework */ = {isa = PBXFileReference; lastKnownFileType = wrapper.framework; name = GLUT.framework; path = System/Library/Frameworks/GLUT.framework; sourceTree = SDKROOT; };
		54CE6DF924D2C45E00E9A4D9 /* Cocoa.framework */ = {isa = PBXFileReference; lastKnownFileType = wrapper.framework; name = Cocoa.framework; path = System/Library/Frameworks/Cocoa.framework; sourceTree = SDKROOT; };
		54CE6DFB24D2C46400E9A4D9 /* OpenGL.framework */ = {isa = PBXFileReference; lastKnownFileType = wrapper.framework; name = OpenGL.framework; path = System/Library/Frameworks/OpenGL.framework; sourceTree = SDKROOT; };
		54CE6DFD24D2C48700E9A4D9 /* libGLEW.2.1.0.dylib */ = {isa = PBXFileReference; lastKnownFileType = "compiled.mach-o.dylib"; name = libGLEW.2.1.0.dylib; path = ../../../../../../usr/local/Cellar/glew/2.1.0_1/lib/libGLEW.2.1.0.dylib; sourceTree = "<group>"; };
		54CE6DFF24D2C4AC00E9A4D9 /* libglfw.3.3.dylib */ = {isa = PBXFileReference; lastKnownFileType = "compiled.mach-o.dylib"; name = libglfw.3.3.dylib; path = ../../../../../../usr/local/Cellar/glfw/3.3.2/lib/libglfw.3.3.dylib; sourceTree = "<group>"; };
		54CE6E0424D2C76F00E9A4D9 /* glad.c */ = {isa = PBXFileReference; fileEncoding = 4; lastKnownFileType = sourcecode.c.c; path = glad.c; sourceTree = "<group>"; };
		54CE6E0624D2C7E800E9A4D9 /* triangle.cpp */ = {isa = PBXFileReference; lastKnownFileType = sourcecode.cpp.cpp; path = triangle.cpp; sourceTree = "<group>"; };
		54CE6E0924D2C83F00E9A4D9 /* window_show.cpp */ = {isa = PBXFileReference; lastKnownFileType = sourcecode.cpp.cpp; path = window_show.cpp; sourceTree = "<group>"; };
/* End PBXFileReference section */

/* Begin PBXFrameworksBuildPhase section */
		54CE6DDF24D2C2FC00E9A4D9 /* Frameworks */ = {
			isa = PBXFrameworksBuildPhase;
			buildActionMask = 2147483647;
			files = (
				54CE6E0224D2C66400E9A4D9 /* libGLEW.2.1.0.dylib in Frameworks */,
				54CE6E0324D2C66400E9A4D9 /* libglfw.3.3.dylib in Frameworks */,
				54CE6E0124D2C64500E9A4D9 /* OpenGL.framework in Frameworks */,
			);
			runOnlyForDeploymentPostprocessing = 0;
		};
/* End PBXFrameworksBuildPhase section */

/* Begin PBXGroup section */
		544BBEE824D5736D00802969 /* vs */ = {
			isa = PBXGroup;
			children = (
			);
			path = vs;
			sourceTree = "<group>";
		};
		544BBEE924D5737700802969 /* fs */ = {
			isa = PBXGroup;
			children = (
			);
			path = fs;
			sourceTree = "<group>";
		};
		544BBEEB24D915C100802969 /* head */ = {
			isa = PBXGroup;
			children = (
				544BBEEC24D9162200802969 /* triangle.h */,
				544BBEED24D9162D00802969 /* shaders.h */,
				544BBEEE24D9169B00802969 /* window_show.h */,
				544BBEEF24D955DF00802969 /* texture.h */,
			);
			path = head;
			sourceTree = "<group>";
		};
		54CE6DD924D2C2FC00E9A4D9 = {
			isa = PBXGroup;
			children = (
				544BBEE024D3C4CD00802969 /* md */,
				54CE6DE424D2C2FC00E9A4D9 /* opengl */,
				54CE6DE324D2C2FC00E9A4D9 /* Products */,
				54CE6DF224D2C44400E9A4D9 /* Frameworks */,
			);
			sourceTree = "<group>";
		};
		54CE6DE324D2C2FC00E9A4D9 /* Products */ = {
			isa = PBXGroup;
			children = (
				54CE6DE224D2C2FC00E9A4D9 /* opengl */,
			);
			name = Products;
			sourceTree = "<group>";
		};
		54CE6DE424D2C2FC00E9A4D9 /* opengl */ = {
			isa = PBXGroup;
			children = (
				544BBEEB24D915C100802969 /* head */,
				544BBEE924D5737700802969 /* fs */,
				544BBEE824D5736D00802969 /* vs */,
				54CE6DE524D2C2FC00E9A4D9 /* main.cpp */,
				54CE6E0424D2C76F00E9A4D9 /* glad.c */,
				54CE6E0624D2C7E800E9A4D9 /* triangle.cpp */,
				54CE6E0924D2C83F00E9A4D9 /* window_show.cpp */,
				544BBEE124D4019500802969 /* shaders.cpp */,
				544BBEF024D955F200802969 /* texture.cpp */,
			);
			path = opengl;
			sourceTree = "<group>";
		};
		54CE6DF224D2C44400E9A4D9 /* Frameworks */ = {
			isa = PBXGroup;
			children = (
				54CE6DFF24D2C4AC00E9A4D9 /* libglfw.3.3.dylib */,
				54CE6DFD24D2C48700E9A4D9 /* libGLEW.2.1.0.dylib */,
				54CE6DFB24D2C46400E9A4D9 /* OpenGL.framework */,
				54CE6DF924D2C45E00E9A4D9 /* Cocoa.framework */,
				54CE6DF724D2C45800E9A4D9 /* GLUT.framework */,
				54CE6DF524D2C44D00E9A4D9 /* CoreVideo.framework */,
				54CE6DF324D2C44400E9A4D9 /* IOKit.framework */,
			);
			name = Frameworks;
			sourceTree = "<group>";
		};
/* End PBXGroup section */

/* Begin PBXNativeTarget section */
		54CE6DE124D2C2FC00E9A4D9 /* opengl */ = {
			isa = PBXNativeTarget;
			buildConfigurationList = 54CE6DE924D2C2FC00E9A4D9 /* Build configuration list for PBXNativeTarget "opengl" */;
			buildPhases = (
				54CE6DDE24D2C2FC00E9A4D9 /* Sources */,
				54CE6DDF24D2C2FC00E9A4D9 /* Frameworks */,
				54CE6DE024D2C2FC00E9A4D9 /* CopyFiles */,
			);
			buildRules = (
			);
			dependencies = (
			);
			name = opengl;
			productName = opengl;
			productReference = 54CE6DE224D2C2FC00E9A4D9 /* opengl */;
			productType = "com.apple.product-type.tool";
		};
/* End PBXNativeTarget section */

/* Begin PBXProject section */
		54CE6DDA24D2C2FC00E9A4D9 /* Project object */ = {
			isa = PBXProject;
			attributes = {
				LastUpgradeCheck = 1160;
				ORGANIZATIONNAME = adsionli;
				TargetAttributes = {
					54CE6DE124D2C2FC00E9A4D9 = {
						CreatedOnToolsVersion = 11.6;
					};
				};
			};
			buildConfigurationList = 54CE6DDD24D2C2FC00E9A4D9 /* Build configuration list for PBXProject "opengl" */;
			compatibilityVersion = "Xcode 9.3";
			developmentRegion = en;
			hasScannedForEncodings = 0;
			knownRegions = (
				en,
				Base,
			);
			mainGroup = 54CE6DD924D2C2FC00E9A4D9;
			productRefGroup = 54CE6DE324D2C2FC00E9A4D9 /* Products */;
			projectDirPath = "";
			projectRoot = "";
			targets = (
				54CE6DE124D2C2FC00E9A4D9 /* opengl */,
			);
		};
/* End PBXProject section */

/* Begin PBXSourcesBuildPhase section */
		54CE6DDE24D2C2FC00E9A4D9 /* Sources */ = {
			isa = PBXSourcesBuildPhase;
			buildActionMask = 2147483647;
			files = (
				54CE6E0A24D2C83F00E9A4D9 /* window_show.cpp in Sources */,
				54CE6DE624D2C2FC00E9A4D9 /* main.cpp in Sources */,
				544BBEE224D4019500802969 /* shaders.cpp in Sources */,
				544BBEF124D955F200802969 /* texture.cpp in Sources */,
				54CE6E0724D2C7E800E9A4D9 /* triangle.cpp in Sources */,
				54CE6E0524D2C76F00E9A4D9 /* glad.c in Sources */,
			);
			runOnlyForDeploymentPostprocessing = 0;
		};
/* End PBXSourcesBuildPhase section */

/* Begin XCBuildConfiguration section */
		54CE6DE724D2C2FC00E9A4D9 /* Debug */ = {
			isa = XCBuildConfiguration;
			buildSettings = {
				ALWAYS_SEARCH_USER_PATHS = NO;
				CLANG_ANALYZER_NONNULL = YES;
				CLANG_ANALYZER_NUMBER_OBJECT_CONVERSION = YES_AGGRESSIVE;
				CLANG_CXX_LANGUAGE_STANDARD = "gnu++14";
				CLANG_CXX_LIBRARY = "libc++";
				CLANG_ENABLE_MODULES = YES;
				CLANG_ENABLE_OBJC_ARC = YES;
				CLANG_ENABLE_OBJC_WEAK = YES;
				CLANG_WARN_BLOCK_CAPTURE_AUTORELEASING = YES;
				CLANG_WARN_BOOL_CONVERSION = YES;
				CLANG_WARN_COMMA = YES;
				CLANG_WARN_CONSTANT_CONVERSION = YES;
				CLANG_WARN_DEPRECATED_OBJC_IMPLEMENTATIONS = YES;
				CLANG_WARN_DIRECT_OBJC_ISA_USAGE = YES_ERROR;
				CLANG_WARN_DOCUMENTATION_COMMENTS = YES;
				CLANG_WARN_EMPTY_BODY = YES;
				CLANG_WARN_ENUM_CONVERSION = YES;
				CLANG_WARN_INFINITE_RECURSION = YES;
				CLANG_WARN_INT_CONVERSION = YES;
				CLANG_WARN_NON_LITERAL_NULL_CONVERSION = YES;
				CLANG_WARN_OBJC_IMPLICIT_RETAIN_SELF = YES;
				CLANG_WARN_OBJC_LITERAL_CONVERSION = YES;
				CLANG_WARN_OBJC_ROOT_CLASS = YES_ERROR;
				CLANG_WARN_RANGE_LOOP_ANALYSIS = YES;
				CLANG_WARN_STRICT_PROTOTYPES = YES;
				CLANG_WARN_SUSPICIOUS_MOVE = YES;
				CLANG_WARN_UNGUARDED_AVAILABILITY = YES_AGGRESSIVE;
				CLANG_WARN_UNREACHABLE_CODE = YES;
				CLANG_WARN__DUPLICATE_METHOD_MATCH = YES;
				COPY_PHASE_STRIP = NO;
				DEBUG_INFORMATION_FORMAT = dwarf;
				ENABLE_STRICT_OBJC_MSGSEND = YES;
				ENABLE_TESTABILITY = YES;
				GCC_C_LANGUAGE_STANDARD = gnu11;
				GCC_DYNAMIC_NO_PIC = NO;
				GCC_NO_COMMON_BLOCKS = YES;
				GCC_OPTIMIZATION_LEVEL = 0;
				GCC_PREPROCESSOR_DEFINITIONS = (
					"DEBUG=1",
					"$(inherited)",
				);
				GCC_WARN_64_TO_32_BIT_CONVERSION = YES;
				GCC_WARN_ABOUT_RETURN_TYPE = YES_ERROR;
				GCC_WARN_UNDECLARED_SELECTOR = YES;
				GCC_WARN_UNINITIALIZED_AUTOS = YES_AGGRESSIVE;
				GCC_WARN_UNUSED_FUNCTION = YES;
				GCC_WARN_UNUSED_VARIABLE = YES;
				MACOSX_DEPLOYMENT_TARGET = 10.15;
				MTL_ENABLE_DEBUG_INFO = INCLUDE_SOURCE;
				MTL_FAST_MATH = YES;
				ONLY_ACTIVE_ARCH = YES;
				SDKROOT = macosx;
				WARNING_CFLAGS = "-Wno-documentation";
			};
			name = Debug;
		};
		54CE6DE824D2C2FC00E9A4D9 /* Release */ = {
			isa = XCBuildConfiguration;
			buildSettings = {
				ALWAYS_SEARCH_USER_PATHS = NO;
				CLANG_ANALYZER_NONNULL = YES;
				CLANG_ANALYZER_NUMBER_OBJECT_CONVERSION = YES_AGGRESSIVE;
				CLANG_CXX_LANGUAGE_STANDARD = "gnu++14";
				CLANG_CXX_LIBRARY = "libc++";
				CLANG_ENABLE_MODULES = YES;
				CLANG_ENABLE_OBJC_ARC = YES;
				CLANG_ENABLE_OBJC_WEAK = YES;
				CLANG_WARN_BLOCK_CAPTURE_AUTORELEASING = YES;
				CLANG_WARN_BOOL_CONVERSION = YES;
				CLANG_WARN_COMMA = YES;
				CLANG_WARN_CONSTANT_CONVERSION = YES;
				CLANG_WARN_DEPRECATED_OBJC_IMPLEMENTATIONS = YES;
				CLANG_WARN_DIRECT_OBJC_ISA_USAGE = YES_ERROR;
				CLANG_WARN_DOCUMENTATION_COMMENTS = YES;
				CLANG_WARN_EMPTY_BODY = YES;
				CLANG_WARN_ENUM_CONVERSION = YES;
				CLANG_WARN_INFINITE_RECURSION = YES;
				CLANG_WARN_INT_CONVERSION = YES;
				CLANG_WARN_NON_LITERAL_NULL_CONVERSION = YES;
				CLANG_WARN_OBJC_IMPLICIT_RETAIN_SELF = YES;
				CLANG_WARN_OBJC_LITERAL_CONVERSION = YES;
				CLANG_WARN_OBJC_ROOT_CLASS = YES_ERROR;
				CLANG_WARN_RANGE_LOOP_ANALYSIS = YES;
				CLANG_WARN_STRICT_PROTOTYPES = YES;
				CLANG_WARN_SUSPICIOUS_MOVE = YES;
				CLANG_WARN_UNGUARDED_AVAILABILITY = YES_AGGRESSIVE;
				CLANG_WARN_UNREACHABLE_CODE = YES;
				CLANG_WARN__DUPLICATE_METHOD_MATCH = YES;
				COPY_PHASE_STRIP = NO;
				DEBUG_INFORMATION_FORMAT = "dwarf-with-dsym";
				ENABLE_NS_ASSERTIONS = NO;
				ENABLE_STRICT_OBJC_MSGSEND = YES;
				GCC_C_LANGUAGE_STANDARD = gnu11;
				GCC_NO_COMMON_BLOCKS = YES;
				GCC_WARN_64_TO_32_BIT_CONVERSION = YES;
				GCC_WARN_ABOUT_RETURN_TYPE = YES_ERROR;
				GCC_WARN_UNDECLARED_SELECTOR = YES;
				GCC_WARN_UNINITIALIZED_AUTOS = YES_AGGRESSIVE;
				GCC_WARN_UNUSED_FUNCTION = YES;
				GCC_WARN_UNUSED_VARIABLE = YES;
				MACOSX_DEPLOYMENT_TARGET = 10.15;
				MTL_ENABLE_DEBUG_INFO = NO;
				MTL_FAST_MATH = YES;
				SDKROOT = macosx;
				WARNING_CFLAGS = "-Wno-documentation";
			};
			name = Release;
		};
		54CE6DEA24D2C2FC00E9A4D9 /* Debug */ = {
			isa = XCBuildConfiguration;
			buildSettings = {
				CODE_SIGN_STYLE = Automatic;
				HEADER_SEARCH_PATHS = /usr/local/include;
				LIBRARY_SEARCH_PATHS = (
					/usr/local/Cellar/glew/2.1.0_1/lib,
					/usr/local/Cellar/glfw/3.3.2/lib,
				);
				PRODUCT_NAME = "$(TARGET_NAME)";
			};
			name = Debug;
		};
		54CE6DEB24D2C2FC00E9A4D9 /* Release */ = {
			isa = XCBuildConfiguration;
			buildSettings = {
				CODE_SIGN_STYLE = Automatic;
				HEADER_SEARCH_PATHS = /usr/local/include;
				LIBRARY_SEARCH_PATHS = (
					/usr/local/Cellar/glew/2.1.0_1/lib,
					/usr/local/Cellar/glfw/3.3.2/lib,
				);
				PRODUCT_NAME = "$(TARGET_NAME)";
			};
			name = Release;
		};
/* End XCBuildConfiguration section */

/* Begin XCConfigurationList section */
		54CE6DDD24D2C2FC00E9A4D9 /* Build configuration list for PBXProject "opengl" */ = {
			isa = XCConfigurationList;
			buildConfigurations = (
				54CE6DE724D2C2FC00E9A4D9 /* Debug */,
				54CE6DE824D2C2FC00E9A4D9 /* Release */,
			);
			defaultConfigurationIsVisible = 0;
			defaultConfigurationName = Release;
		};
		54CE6DE924D2C2FC00E9A4D9 /* Build configuration list for PBXNativeTarget "opengl" */ = {
			isa = XCConfigurationList;
			buildConfigurations = (
				54CE6DEA24D2C2FC00E9A4D9 /* Debug */,
				54CE6DEB24D2C2FC00E9A4D9 /* Release */,
			);
			defaultConfigurationIsVisible = 0;
			defaultConfigurationName = Release;
		};
/* End XCConfigurationList section */
	};
	rootObject = 54CE6DDA24D2C2FC00E9A4D9 /* Project object */;
}
