// !$*UTF8*$!
{
	archiveVersion = 1;
	classes = {
	};
	objectVersion = 50;
	objects = {

/* Begin PBXBuildFile section */
		5423F6E825AAE37C00218EC3 /* texture.cpp in Sources */ = {isa = PBXBuildFile; fileRef = 5423F6E625AAE37C00218EC3 /* texture.cpp */; };
		5423F6ED25AAE71400218EC3 /* resoureces_use.cpp in Sources */ = {isa = PBXBuildFile; fileRef = 5423F6EB25AAE71400218EC3 /* resoureces_use.cpp */; };
		5423F6F525AAEE4A00218EC3 /* games.cpp in Sources */ = {isa = PBXBuildFile; fileRef = 5423F6F325AAEE4A00218EC3 /* games.cpp */; };
		5423F70025B551DA00218EC3 /* SpriteRender.cpp in Sources */ = {isa = PBXBuildFile; fileRef = 5423F6FE25B551DA00218EC3 /* SpriteRender.cpp */; };
		5423F70C25B56C5800218EC3 /* game_object.cpp in Sources */ = {isa = PBXBuildFile; fileRef = 5423F70A25B56C5800218EC3 /* game_object.cpp */; };
		5423F71225B5709B00218EC3 /* games_level.cpp in Sources */ = {isa = PBXBuildFile; fileRef = 5423F71025B5709B00218EC3 /* games_level.cpp */; };
		5423F72725B7EDB100218EC3 /* ball.cpp in Sources */ = {isa = PBXBuildFile; fileRef = 5423F72525B7EDB100218EC3 /* ball.cpp */; };
		54302856266F36DB004BEC65 /* dda.cpp in Sources */ = {isa = PBXBuildFile; fileRef = 54302855266F36DB004BEC65 /* dda.cpp */; };
		54302858266F3DD9004BEC65 /* bresenham.cpp in Sources */ = {isa = PBXBuildFile; fileRef = 54302857266F3DD9004BEC65 /* bresenham.cpp */; };
		5430285A2670862A004BEC65 /* thread_bresenham.cpp in Sources */ = {isa = PBXBuildFile; fileRef = 543028592670862A004BEC65 /* thread_bresenham.cpp */; };
		5430285D26709766004BEC65 /* thread_screen.cpp in Sources */ = {isa = PBXBuildFile; fileRef = 5430285C26709766004BEC65 /* thread_screen.cpp */; };
		5430285F26709792004BEC65 /* circle.cpp in Sources */ = {isa = PBXBuildFile; fileRef = 5430285E26709792004BEC65 /* circle.cpp */; };
		543028612670B4BB004BEC65 /* ellipse.cpp in Sources */ = {isa = PBXBuildFile; fileRef = 543028602670B4BB004BEC65 /* ellipse.cpp */; };
		54302864267300E2004BEC65 /* boundary.cpp in Sources */ = {isa = PBXBuildFile; fileRef = 54302863267300E2004BEC65 /* boundary.cpp */; };
		5446113B25A6EF3300F2DC81 /* text_draw.cpp in Sources */ = {isa = PBXBuildFile; fileRef = 5446113925A6EF3300F2DC81 /* text_draw.cpp */; };
		5446114D25A72F9900F2DC81 /* test123.cpp in Sources */ = {isa = PBXBuildFile; fileRef = 5446114C25A72F9900F2DC81 /* test123.cpp */; };
		544BF03525F20A6800BACCD8 /* perlin_3d.cpp in Sources */ = {isa = PBXBuildFile; fileRef = 544BF03325F20A6800BACCD8 /* perlin_3d.cpp */; };
		544BF03A25F5E0E900BACCD8 /* simplex.cpp in Sources */ = {isa = PBXBuildFile; fileRef = 544BF03825F5E0E900BACCD8 /* simplex.cpp */; };
		544BF03F25F7448A00BACCD8 /* simplex_test.cpp in Sources */ = {isa = PBXBuildFile; fileRef = 544BF03D25F7448A00BACCD8 /* simplex_test.cpp */; };
		544BF04925F769E200BACCD8 /* worley_noise.cpp in Sources */ = {isa = PBXBuildFile; fileRef = 544BF04725F769E200BACCD8 /* worley_noise.cpp */; };
		5452B0AA25F07A9E00E614BF /* perlin_old.cpp in Sources */ = {isa = PBXBuildFile; fileRef = 5452B0A825F07A9E00E614BF /* perlin_old.cpp */; };
		54570CD3260087540072EEA2 /* generate_mesh.cpp in Sources */ = {isa = PBXBuildFile; fileRef = 54570CD1260087540072EEA2 /* generate_mesh.cpp */; };
		546412ED25BE9F0700126AF5 /* particles.cpp in Sources */ = {isa = PBXBuildFile; fileRef = 546412EB25BE9F0700126AF5 /* particles.cpp */; };
		546412FF25C0472F00126AF5 /* postprocess.cpp in Sources */ = {isa = PBXBuildFile; fileRef = 546412FD25C0472F00126AF5 /* postprocess.cpp */; };
		54781A75267A0F0000478EC4 /* point_type.cpp in Sources */ = {isa = PBXBuildFile; fileRef = 54781A73267A0F0000478EC4 /* point_type.cpp */; };
		54781A78267A0F6600478EC4 /* sph_stdafx.cpp in Sources */ = {isa = PBXBuildFile; fileRef = 54781A76267A0F6600478EC4 /* sph_stdafx.cpp */; };
		54781A7C267B0D5900478EC4 /* grid_type.cpp in Sources */ = {isa = PBXBuildFile; fileRef = 54781A7A267B0D5900478EC4 /* grid_type.cpp */; };
		54781A80267B96D700478EC4 /* neighbor_table.cpp in Sources */ = {isa = PBXBuildFile; fileRef = 54781A7E267B96D700478EC4 /* neighbor_table.cpp */; };
		54CE6DE624D2C2FC00E9A4D9 /* main.cpp in Sources */ = {isa = PBXBuildFile; fileRef = 54CE6DE524D2C2FC00E9A4D9 /* main.cpp */; };
		54CE6E0124D2C64500E9A4D9 /* OpenGL.framework in Frameworks */ = {isa = PBXBuildFile; fileRef = 54CE6DFB24D2C46400E9A4D9 /* OpenGL.framework */; };
		54CE6E0224D2C66400E9A4D9 /* libGLEW.2.1.0.dylib in Frameworks */ = {isa = PBXBuildFile; fileRef = 54CE6DFD24D2C48700E9A4D9 /* libGLEW.2.1.0.dylib */; };
		54CE6E0324D2C66400E9A4D9 /* libglfw.3.3.dylib in Frameworks */ = {isa = PBXBuildFile; fileRef = 54CE6DFF24D2C4AC00E9A4D9 /* libglfw.3.3.dylib */; };
		54CE6E0524D2C76F00E9A4D9 /* glad.c in Sources */ = {isa = PBXBuildFile; fileRef = 54CE6E0424D2C76F00E9A4D9 /* glad.c */; };
		54FC679D25FB2D9200936D4E /* terrain.cpp in Sources */ = {isa = PBXBuildFile; fileRef = 54FC679B25FB2D9200936D4E /* terrain.cpp */; };
		54FC67BE25FEFE3000936D4E /* perlin.cpp in Sources */ = {isa = PBXBuildFile; fileRef = 54FC67BC25FEFE3000936D4E /* perlin.cpp */; };
/* End PBXBuildFile section */

/* Begin PBXCopyFilesBuildPhase section */
		54CE6DE024D2C2FC00E9A4D9 /* CopyFiles */ = {
			isa = PBXCopyFilesBuildPhase;
			buildActionMask = 2147483647;
			dstPath = /usr/share/man/man1/;
			dstSubfolderSpec = 0;
			files = (
			);
			runOnlyForDeploymentPostprocessing = 1;
		};
/* End PBXCopyFilesBuildPhase section */

/* Begin PBXFileReference section */
		5423F6E625AAE37C00218EC3 /* texture.cpp */ = {isa = PBXFileReference; lastKnownFileType = sourcecode.cpp.cpp; path = texture.cpp; sourceTree = "<group>"; };
		5423F6E725AAE37C00218EC3 /* texture.hpp */ = {isa = PBXFileReference; lastKnownFileType = sourcecode.cpp.h; path = texture.hpp; sourceTree = "<group>"; };
		5423F6EB25AAE71400218EC3 /* resoureces_use.cpp */ = {isa = PBXFileReference; lastKnownFileType = sourcecode.cpp.cpp; path = resoureces_use.cpp; sourceTree = "<group>"; };
		5423F6EC25AAE71400218EC3 /* resoureces_use.hpp */ = {isa = PBXFileReference; lastKnownFileType = sourcecode.cpp.h; path = resoureces_use.hpp; sourceTree = "<group>"; };
		5423F6F325AAEE4A00218EC3 /* games.cpp */ = {isa = PBXFileReference; lastKnownFileType = sourcecode.cpp.cpp; path = games.cpp; sourceTree = "<group>"; };
		5423F6F425AAEE4A00218EC3 /* games.hpp */ = {isa = PBXFileReference; lastKnownFileType = sourcecode.cpp.h; path = games.hpp; sourceTree = "<group>"; };
		5423F6F825AAF6D800218EC3 /* first.h */ = {isa = PBXFileReference; lastKnownFileType = sourcecode.c.h; name = first.h; path = opengl/plugin/head/first.h; sourceTree = SOURCE_ROOT; };
		5423F6FB25B150B500218EC3 /* second.h */ = {isa = PBXFileReference; lastKnownFileType = sourcecode.c.h; name = second.h; path = opengl/plugin/head/second.h; sourceTree = SOURCE_ROOT; };
		5423F6FE25B551DA00218EC3 /* SpriteRender.cpp */ = {isa = PBXFileReference; lastKnownFileType = sourcecode.cpp.cpp; name = SpriteRender.cpp; path = opengl/plugin/head/SpriteRender.cpp; sourceTree = SOURCE_ROOT; };
		5423F6FF25B551DA00218EC3 /* SpriteRender.hpp */ = {isa = PBXFileReference; lastKnownFileType = sourcecode.cpp.h; name = SpriteRender.hpp; path = opengl/plugin/head/SpriteRender.hpp; sourceTree = SOURCE_ROOT; };
		5423F70625B558DA00218EC3 /* sprite.vs */ = {isa = PBXFileReference; lastKnownFileType = sourcecode.glsl; name = sprite.vs; path = sprite/sprite.vs; sourceTree = "<group>"; };
		5423F70725B558F200218EC3 /* sprite.fs */ = {isa = PBXFileReference; lastKnownFileType = sourcecode.glsl; name = sprite.fs; path = sprite/sprite.fs; sourceTree = "<group>"; };
		5423F70A25B56C5800218EC3 /* game_object.cpp */ = {isa = PBXFileReference; lastKnownFileType = sourcecode.cpp.cpp; path = game_object.cpp; sourceTree = "<group>"; };
		5423F70B25B56C5800218EC3 /* game_object.hpp */ = {isa = PBXFileReference; lastKnownFileType = sourcecode.cpp.h; path = game_object.hpp; sourceTree = "<group>"; };
		5423F71025B5709B00218EC3 /* games_level.cpp */ = {isa = PBXFileReference; lastKnownFileType = sourcecode.cpp.cpp; name = games_level.cpp; path = opengl/plugin/head/games_level.cpp; sourceTree = SOURCE_ROOT; };
		5423F71125B5709B00218EC3 /* games_level.hpp */ = {isa = PBXFileReference; lastKnownFileType = sourcecode.cpp.h; name = games_level.hpp; path = opengl/plugin/head/games_level.hpp; sourceTree = SOURCE_ROOT; };
		5423F71425B57BF500218EC3 /* block.png */ = {isa = PBXFileReference; lastKnownFileType = image.png; path = block.png; sourceTree = "<group>"; };
		5423F71525B57BF500218EC3 /* block_solid.png */ = {isa = PBXFileReference; lastKnownFileType = image.png; path = block_solid.png; sourceTree = "<group>"; };
		5423F71825B6A3ED00218EC3 /* first.combat */ = {isa = PBXFileReference; lastKnownFileType = text; path = first.combat; sourceTree = "<group>"; };
		5423F71925B6A3FB00218EC3 /* second.combat */ = {isa = PBXFileReference; lastKnownFileType = text; path = second.combat; sourceTree = "<group>"; };
		5423F71A25B6A40600218EC3 /* thrid.combat */ = {isa = PBXFileReference; lastKnownFileType = text; path = thrid.combat; sourceTree = "<group>"; };
		5423F71B25B6A42000218EC3 /* forth.combat */ = {isa = PBXFileReference; lastKnownFileType = text; path = forth.combat; sourceTree = "<group>"; };
		5423F71C25B6AB0C00218EC3 /* background01.jpg */ = {isa = PBXFileReference; lastKnownFileType = image.jpeg; path = background01.jpg; sourceTree = "<group>"; };
		5423F71D25B6AB0C00218EC3 /* background.jpg */ = {isa = PBXFileReference; lastKnownFileType = image.jpeg; path = background.jpg; sourceTree = "<group>"; };
		5423F71E25B6AB0C00218EC3 /* paddle.png */ = {isa = PBXFileReference; lastKnownFileType = image.png; path = paddle.png; sourceTree = "<group>"; };
		5423F71F25B6AB3C00218EC3 /* third.h */ = {isa = PBXFileReference; lastKnownFileType = sourcecode.c.h; name = third.h; path = opengl/plugin/head/third.h; sourceTree = SOURCE_ROOT; };
		5423F72025B6AF2E00218EC3 /* monitor.h */ = {isa = PBXFileReference; lastKnownFileType = sourcecode.c.h; path = monitor.h; sourceTree = "<group>"; };
		5423F72525B7EDB100218EC3 /* ball.cpp */ = {isa = PBXFileReference; lastKnownFileType = sourcecode.cpp.cpp; name = ball.cpp; path = opengl/plugin/head/ball.cpp; sourceTree = SOURCE_ROOT; };
		5423F72625B7EDB100218EC3 /* ball.hpp */ = {isa = PBXFileReference; lastKnownFileType = sourcecode.cpp.h; name = ball.hpp; path = opengl/plugin/head/ball.hpp; sourceTree = SOURCE_ROOT; };
		54302855266F36DB004BEC65 /* dda.cpp */ = {isa = PBXFileReference; lastKnownFileType = sourcecode.cpp.cpp; path = dda.cpp; sourceTree = "<group>"; };
		54302857266F3DD9004BEC65 /* bresenham.cpp */ = {isa = PBXFileReference; lastKnownFileType = sourcecode.cpp.cpp; path = bresenham.cpp; sourceTree = "<group>"; };
		543028592670862A004BEC65 /* thread_bresenham.cpp */ = {isa = PBXFileReference; lastKnownFileType = sourcecode.cpp.cpp; path = thread_bresenham.cpp; sourceTree = "<group>"; };
		5430285C26709766004BEC65 /* thread_screen.cpp */ = {isa = PBXFileReference; lastKnownFileType = sourcecode.cpp.cpp; path = thread_screen.cpp; sourceTree = "<group>"; };
		5430285E26709792004BEC65 /* circle.cpp */ = {isa = PBXFileReference; lastKnownFileType = sourcecode.cpp.cpp; path = circle.cpp; sourceTree = "<group>"; };
		543028602670B4BB004BEC65 /* ellipse.cpp */ = {isa = PBXFileReference; lastKnownFileType = sourcecode.cpp.cpp; path = ellipse.cpp; sourceTree = "<group>"; };
		54302863267300E2004BEC65 /* boundary.cpp */ = {isa = PBXFileReference; lastKnownFileType = sourcecode.cpp.cpp; path = boundary.cpp; sourceTree = "<group>"; };
		5446113425A5CEF100F2DC81 /* character_set.h */ = {isa = PBXFileReference; fileEncoding = 4; lastKnownFileType = sourcecode.c.h; name = character_set.h; path = opengl/plugin/head/character_set.h; sourceTree = SOURCE_ROOT; };
		5446113525A5CEF100F2DC81 /* texture_find.h */ = {isa = PBXFileReference; fileEncoding = 4; lastKnownFileType = sourcecode.c.h; name = texture_find.h; path = opengl/plugin/head/texture_find.h; sourceTree = SOURCE_ROOT; };
		5446113925A6EF3300F2DC81 /* text_draw.cpp */ = {isa = PBXFileReference; lastKnownFileType = sourcecode.cpp.cpp; name = text_draw.cpp; path = opengl/plugin/head/text_draw.cpp; sourceTree = SOURCE_ROOT; };
		5446113A25A6EF3300F2DC81 /* text_draw.hpp */ = {isa = PBXFileReference; lastKnownFileType = sourcecode.cpp.h; name = text_draw.hpp; path = opengl/plugin/head/text_draw.hpp; sourceTree = SOURCE_ROOT; };
		5446114525A6FD5600F2DC81 /* default.ttf */ = {isa = PBXFileReference; lastKnownFileType = file; path = default.ttf; sourceTree = "<group>"; };
		5446114825A7169200F2DC81 /* font.vs */ = {isa = PBXFileReference; lastKnownFileType = sourcecode.glsl; path = font.vs; sourceTree = "<group>"; };
		5446114A25A7176100F2DC81 /* font.fs */ = {isa = PBXFileReference; lastKnownFileType = sourcecode.glsl; path = font.fs; sourceTree = "<group>"; };
		5446114C25A72F9900F2DC81 /* test123.cpp */ = {isa = PBXFileReference; lastKnownFileType = sourcecode.cpp.cpp; path = test123.cpp; sourceTree = "<group>"; };
		5446115025A97E9000F2DC81 /* text.vs */ = {isa = PBXFileReference; lastKnownFileType = sourcecode.glsl; path = text.vs; sourceTree = "<group>"; };
		5446115225A97EA600F2DC81 /* text.fs */ = {isa = PBXFileReference; lastKnownFileType = sourcecode.glsl; path = text.fs; sourceTree = "<group>"; };
		544BBEE024D3C4CD00802969 /* md */ = {isa = PBXFileReference; lastKnownFileType = folder; path = md; sourceTree = "<group>"; };
		544BBEEC24D9162200802969 /* triangle.h */ = {isa = PBXFileReference; lastKnownFileType = sourcecode.c.h; path = triangle.h; sourceTree = "<group>"; };
		544BBEED24D9162D00802969 /* shaders.h */ = {isa = PBXFileReference; lastKnownFileType = sourcecode.c.h; path = shaders.h; sourceTree = "<group>"; };
		544BBEEE24D9169B00802969 /* window_show.h */ = {isa = PBXFileReference; lastKnownFileType = sourcecode.c.h; path = window_show.h; sourceTree = "<group>"; };
		544BBEEF24D955DF00802969 /* texture.h */ = {isa = PBXFileReference; lastKnownFileType = sourcecode.c.h; path = texture.h; sourceTree = "<group>"; };
		544BF03325F20A6800BACCD8 /* perlin_3d.cpp */ = {isa = PBXFileReference; lastKnownFileType = sourcecode.cpp.cpp; name = perlin_3d.cpp; path = opengl/plugin/head/perlin_3d.cpp; sourceTree = SOURCE_ROOT; };
		544BF03425F20A6800BACCD8 /* perlin_3d.hpp */ = {isa = PBXFileReference; lastKnownFileType = sourcecode.cpp.h; name = perlin_3d.hpp; path = opengl/plugin/head/perlin_3d.hpp; sourceTree = SOURCE_ROOT; };
		544BF03825F5E0E900BACCD8 /* simplex.cpp */ = {isa = PBXFileReference; lastKnownFileType = sourcecode.cpp.cpp; path = simplex.cpp; sourceTree = "<group>"; };
		544BF03925F5E0E900BACCD8 /* simplex.hpp */ = {isa = PBXFileReference; lastKnownFileType = sourcecode.cpp.h; path = simplex.hpp; sourceTree = "<group>"; };
		544BF03D25F7448A00BACCD8 /* simplex_test.cpp */ = {isa = PBXFileReference; lastKnownFileType = sourcecode.cpp.cpp; path = simplex_test.cpp; sourceTree = "<group>"; };
		544BF03E25F7448A00BACCD8 /* simplex_test.hpp */ = {isa = PBXFileReference; lastKnownFileType = sourcecode.cpp.h; path = simplex_test.hpp; sourceTree = "<group>"; };
		544BF04725F769E200BACCD8 /* worley_noise.cpp */ = {isa = PBXFileReference; lastKnownFileType = sourcecode.cpp.cpp; path = worley_noise.cpp; sourceTree = "<group>"; };
		544BF04825F769E200BACCD8 /* worley_noise.hpp */ = {isa = PBXFileReference; lastKnownFileType = sourcecode.cpp.h; path = worley_noise.hpp; sourceTree = "<group>"; };
		5452B0A625F0713600E614BF /* template.fs */ = {isa = PBXFileReference; lastKnownFileType = sourcecode.glsl; path = template.fs; sourceTree = "<group>"; };
		5452B0A825F07A9E00E614BF /* perlin_old.cpp */ = {isa = PBXFileReference; lastKnownFileType = sourcecode.cpp.cpp; name = perlin_old.cpp; path = opengl/plugin/head/perlin_old.cpp; sourceTree = SOURCE_ROOT; };
		5452B0A925F07A9E00E614BF /* perlin_old.hpp */ = {isa = PBXFileReference; lastKnownFileType = sourcecode.cpp.h; name = perlin_old.hpp; path = opengl/plugin/head/perlin_old.hpp; sourceTree = SOURCE_ROOT; };
		5452B0B325F0808E00E614BF /* perlin.vs */ = {isa = PBXFileReference; lastKnownFileType = sourcecode.glsl; path = perlin.vs; sourceTree = "<group>"; };
		5452B0B425F0815600E614BF /* perlin.fs */ = {isa = PBXFileReference; indentWidth = 2; lastKnownFileType = sourcecode.glsl; path = perlin.fs; sourceTree = "<group>"; tabWidth = 4; wrapsLines = 0; };
		54531A192532F29B0021618E /* texture_test.vs */ = {isa = PBXFileReference; lastKnownFileType = sourcecode.glsl; name = texture_test.vs; path = opengl/plugin/shader/vs/texture_test.vs; sourceTree = SOURCE_ROOT; };
		54531A1A2532F2B40021618E /* texture_test.fs */ = {isa = PBXFileReference; lastKnownFileType = sourcecode.glsl; path = texture_test.fs; sourceTree = "<group>"; };
		54570CD1260087540072EEA2 /* generate_mesh.cpp */ = {isa = PBXFileReference; lastKnownFileType = sourcecode.cpp.cpp; path = generate_mesh.cpp; sourceTree = "<group>"; };
		54570CD2260087540072EEA2 /* generate_mesh.hpp */ = {isa = PBXFileReference; lastKnownFileType = sourcecode.cpp.h; path = generate_mesh.hpp; sourceTree = "<group>"; };
		54570CD6260090110072EEA2 /* mesh.vs */ = {isa = PBXFileReference; lastKnownFileType = sourcecode.glsl; path = mesh.vs; sourceTree = "<group>"; };
		54570CD8260090790072EEA2 /* mesh.fs */ = {isa = PBXFileReference; lastKnownFileType = sourcecode.glsl; path = mesh.fs; sourceTree = "<group>"; };
		54570CDB2600A8C00072EEA2 /* meshTest.vs */ = {isa = PBXFileReference; lastKnownFileType = sourcecode.glsl; path = meshTest.vs; sourceTree = "<group>"; };
		54570CDC2600A8F80072EEA2 /* meshTest.fs */ = {isa = PBXFileReference; lastKnownFileType = sourcecode.glsl; path = meshTest.fs; sourceTree = "<group>"; };
		545D101225A480D2006F6FD4 /* model.h */ = {isa = PBXFileReference; lastKnownFileType = sourcecode.c.h; path = model.h; sourceTree = "<group>"; };
		545D101425A48129006F6FD4 /* mesh.h */ = {isa = PBXFileReference; lastKnownFileType = sourcecode.c.h; path = mesh.h; sourceTree = "<group>"; };
		545D103025A4893D006F6FD4 /* text.h */ = {isa = PBXFileReference; lastKnownFileType = sourcecode.c.h; name = text.h; path = opengl/plugin/head/text.h; sourceTree = SOURCE_ROOT; };
		546412EB25BE9F0700126AF5 /* particles.cpp */ = {isa = PBXFileReference; lastKnownFileType = sourcecode.cpp.cpp; path = particles.cpp; sourceTree = "<group>"; };
		546412EC25BE9F0700126AF5 /* particles.hpp */ = {isa = PBXFileReference; lastKnownFileType = sourcecode.cpp.h; path = particles.hpp; sourceTree = "<group>"; };
		546412F225BED11100126AF5 /* particle.vs */ = {isa = PBXFileReference; lastKnownFileType = sourcecode.glsl; path = particle.vs; sourceTree = "<group>"; };
		546412F325BED12A00126AF5 /* particle.fs */ = {isa = PBXFileReference; lastKnownFileType = sourcecode.glsl; path = particle.fs; sourceTree = "<group>"; };
		546412F425BEDCD800126AF5 /* ball_face.png */ = {isa = PBXFileReference; lastKnownFileType = image.png; path = ball_face.png; sourceTree = "<group>"; };
		546412F525BEDCD800126AF5 /* novel_thumb_6_m.jpg */ = {isa = PBXFileReference; lastKnownFileType = image.jpeg; path = novel_thumb_6_m.jpg; sourceTree = "<group>"; };
		546412F625BEDCD800126AF5 /* particle.png */ = {isa = PBXFileReference; lastKnownFileType = image.png; path = particle.png; sourceTree = "<group>"; };
		546412FA25C035C300126AF5 /* postprocess.vs */ = {isa = PBXFileReference; lastKnownFileType = sourcecode.glsl; path = postprocess.vs; sourceTree = "<group>"; };
		546412FB25C035D200126AF5 /* postprocess.fs */ = {isa = PBXFileReference; lastKnownFileType = sourcecode.glsl; path = postprocess.fs; sourceTree = "<group>"; };
		546412FD25C0472F00126AF5 /* postprocess.cpp */ = {isa = PBXFileReference; lastKnownFileType = sourcecode.cpp.cpp; path = postprocess.cpp; sourceTree = "<group>"; };
		546412FE25C0472F00126AF5 /* postprocess.hpp */ = {isa = PBXFileReference; lastKnownFileType = sourcecode.cpp.h; path = postprocess.hpp; sourceTree = "<group>"; };
		54781A73267A0F0000478EC4 /* point_type.cpp */ = {isa = PBXFileReference; lastKnownFileType = sourcecode.cpp.cpp; path = point_type.cpp; sourceTree = "<group>"; };
		54781A74267A0F0000478EC4 /* point_type.hpp */ = {isa = PBXFileReference; lastKnownFileType = sourcecode.cpp.h; path = point_type.hpp; sourceTree = "<group>"; };
		54781A76267A0F6600478EC4 /* sph_stdafx.cpp */ = {isa = PBXFileReference; lastKnownFileType = sourcecode.cpp.cpp; path = sph_stdafx.cpp; sourceTree = "<group>"; };
		54781A77267A0F6600478EC4 /* sph_stdafx.hpp */ = {isa = PBXFileReference; lastKnownFileType = sourcecode.cpp.h; path = sph_stdafx.hpp; sourceTree = "<group>"; };
		54781A7A267B0D5900478EC4 /* grid_type.cpp */ = {isa = PBXFileReference; lastKnownFileType = sourcecode.cpp.cpp; path = grid_type.cpp; sourceTree = "<group>"; };
		54781A7B267B0D5900478EC4 /* grid_type.hpp */ = {isa = PBXFileReference; lastKnownFileType = sourcecode.cpp.h; path = grid_type.hpp; sourceTree = "<group>"; };
		54781A7E267B96D700478EC4 /* neighbor_table.cpp */ = {isa = PBXFileReference; lastKnownFileType = sourcecode.cpp.cpp; path = neighbor_table.cpp; sourceTree = "<group>"; };
		54781A7F267B96D700478EC4 /* neighbor_table.hpp */ = {isa = PBXFileReference; lastKnownFileType = sourcecode.cpp.h; path = neighbor_table.hpp; sourceTree = "<group>"; };
		54CE6DE224D2C2FC00E9A4D9 /* opengl */ = {isa = PBXFileReference; explicitFileType = "compiled.mach-o.executable"; includeInIndex = 0; path = opengl; sourceTree = BUILT_PRODUCTS_DIR; };
		54CE6DE524D2C2FC00E9A4D9 /* main.cpp */ = {isa = PBXFileReference; lastKnownFileType = sourcecode.cpp.cpp; path = main.cpp; sourceTree = "<group>"; };
		54CE6DF324D2C44400E9A4D9 /* IOKit.framework */ = {isa = PBXFileReference; lastKnownFileType = wrapper.framework; name = IOKit.framework; path = System/Library/Frameworks/IOKit.framework; sourceTree = SDKROOT; };
		54CE6DF524D2C44D00E9A4D9 /* CoreVideo.framework */ = {isa = PBXFileReference; lastKnownFileType = wrapper.framework; name = CoreVideo.framework; path = System/Library/Frameworks/CoreVideo.framework; sourceTree = SDKROOT; };
		54CE6DF724D2C45800E9A4D9 /* GLUT.framework */ = {isa = PBXFileReference; lastKnownFileType = wrapper.framework; name = GLUT.framework; path = System/Library/Frameworks/GLUT.framework; sourceTree = SDKROOT; };
		54CE6DF924D2C45E00E9A4D9 /* Cocoa.framework */ = {isa = PBXFileReference; lastKnownFileType = wrapper.framework; name = Cocoa.framework; path = System/Library/Frameworks/Cocoa.framework; sourceTree = SDKROOT; };
		54CE6DFB24D2C46400E9A4D9 /* OpenGL.framework */ = {isa = PBXFileReference; lastKnownFileType = wrapper.framework; name = OpenGL.framework; path = System/Library/Frameworks/OpenGL.framework; sourceTree = SDKROOT; };
		54CE6DFD24D2C48700E9A4D9 /* libGLEW.2.1.0.dylib */ = {isa = PBXFileReference; lastKnownFileType = "compiled.mach-o.dylib"; name = libGLEW.2.1.0.dylib; path = ../../../../../../usr/local/Cellar/glew/2.1.0_1/lib/libGLEW.2.1.0.dylib; sourceTree = "<group>"; };
		54CE6DFF24D2C4AC00E9A4D9 /* libglfw.3.3.dylib */ = {isa = PBXFileReference; lastKnownFileType = "compiled.mach-o.dylib"; name = libglfw.3.3.dylib; path = ../../../../../../usr/local/Cellar/glfw/3.3.2/lib/libglfw.3.3.dylib; sourceTree = "<group>"; };
		54CE6E0424D2C76F00E9A4D9 /* glad.c */ = {isa = PBXFileReference; fileEncoding = 4; lastKnownFileType = sourcecode.c.c; path = glad.c; sourceTree = "<group>"; };
		54CF54822533199B004FD5D6 /* stb_image.h */ = {isa = PBXFileReference; fileEncoding = 4; lastKnownFileType = sourcecode.c.h; path = stb_image.h; sourceTree = "<group>"; };
		54CF548325332194004FD5D6 /* awesomeface.png */ = {isa = PBXFileReference; lastKnownFileType = image.png; path = awesomeface.png; sourceTree = "<group>"; };
		54CF548425332194004FD5D6 /* area.png */ = {isa = PBXFileReference; lastKnownFileType = image.png; path = area.png; sourceTree = "<group>"; };
		54CF54862534921A004FD5D6 /* transform_test.vs */ = {isa = PBXFileReference; lastKnownFileType = sourcecode.glsl; path = transform_test.vs; sourceTree = "<group>"; };
		54CF5487253548A3004FD5D6 /* coordinate_test.vs */ = {isa = PBXFileReference; lastKnownFileType = sourcecode.glsl; path = coordinate_test.vs; sourceTree = "<group>"; };
		54CF5488253565B0004FD5D6 /* 3d_test.vs */ = {isa = PBXFileReference; lastKnownFileType = sourcecode.glsl; path = 3d_test.vs; sourceTree = "<group>"; };
		54CF54892536C358004FD5D6 /* camera.h */ = {isa = PBXFileReference; lastKnownFileType = sourcecode.c.h; path = camera.h; sourceTree = "<group>"; };
		54EC4EA425FA0CDC0091ACB4 /* terrain.vs */ = {isa = PBXFileReference; lastKnownFileType = sourcecode.glsl; path = terrain.vs; sourceTree = "<group>"; };
		54EC4EA525FA0CEA0091ACB4 /* terrain.fs */ = {isa = PBXFileReference; lastKnownFileType = sourcecode.glsl; path = terrain.fs; sourceTree = "<group>"; };
		54F909712536E740005AE973 /* color_test.vs */ = {isa = PBXFileReference; lastKnownFileType = sourcecode.glsl; path = color_test.vs; sourceTree = "<group>"; };
		54F909722536E750005AE973 /* color_light_test.fs */ = {isa = PBXFileReference; lastKnownFileType = sourcecode.glsl; path = color_light_test.fs; sourceTree = "<group>"; };
		54F909732536E782005AE973 /* color_object_test.fs */ = {isa = PBXFileReference; lastKnownFileType = sourcecode.glsl; path = color_object_test.fs; sourceTree = "<group>"; };
		54F9097525371306005AE973 /* color.h */ = {isa = PBXFileReference; lastKnownFileType = sourcecode.c.h; path = color.h; sourceTree = "<group>"; };
		54F909762537374D005AE973 /* color_object_test.vs */ = {isa = PBXFileReference; lastKnownFileType = sourcecode.glsl; path = color_object_test.vs; sourceTree = "<group>"; };
		54F9097D25382BB6005AE973 /* material.h */ = {isa = PBXFileReference; lastKnownFileType = sourcecode.c.h; path = material.h; sourceTree = "<group>"; };
		54F9097E253831DE005AE973 /* material_type_object.vs */ = {isa = PBXFileReference; lastKnownFileType = sourcecode.glsl; path = material_type_object.vs; sourceTree = "<group>"; };
		54F9097F253831F5005AE973 /* material_type_light.vs */ = {isa = PBXFileReference; lastKnownFileType = sourcecode.glsl; path = material_type_light.vs; sourceTree = "<group>"; };
		54F9098025383217005AE973 /* material_type_object.fs */ = {isa = PBXFileReference; lastKnownFileType = sourcecode.glsl; path = material_type_object.fs; sourceTree = "<group>"; };
		54F9098125383253005AE973 /* material_type_light.fs */ = {isa = PBXFileReference; lastKnownFileType = sourcecode.glsl; path = material_type_light.fs; sourceTree = "<group>"; };
		54F9098625386601005AE973 /* lightmap_object.vs */ = {isa = PBXFileReference; lastKnownFileType = sourcecode.glsl; path = lightmap_object.vs; sourceTree = "<group>"; };
		54F9098725386612005AE973 /* lightmap_light.vs */ = {isa = PBXFileReference; lastKnownFileType = sourcecode.glsl; path = lightmap_light.vs; sourceTree = "<group>"; };
		54F9098825386628005AE973 /* lightmap_object.fs */ = {isa = PBXFileReference; lastKnownFileType = sourcecode.glsl; path = lightmap_object.fs; sourceTree = "<group>"; };
		54F909892538663B005AE973 /* lightmap_light.fs */ = {isa = PBXFileReference; lastKnownFileType = sourcecode.glsl; path = lightmap_light.fs; sourceTree = "<group>"; };
		54F9098A25386A7F005AE973 /* lightmap.h */ = {isa = PBXFileReference; lastKnownFileType = sourcecode.c.h; path = lightmap.h; sourceTree = "<group>"; };
		54F9098B25387564005AE973 /* container2.png */ = {isa = PBXFileReference; lastKnownFileType = image.png; path = container2.png; sourceTree = "<group>"; };
		54F9098C253938C3005AE973 /* container2_specular.png */ = {isa = PBXFileReference; lastKnownFileType = image.png; path = container2_specular.png; sourceTree = "<group>"; };
		54F9098F25399370005AE973 /* matrix.jpg */ = {isa = PBXFileReference; lastKnownFileType = image.jpeg; path = matrix.jpg; sourceTree = "<group>"; };
		54F90990253AC416005AE973 /* light_casters.h */ = {isa = PBXFileReference; lastKnownFileType = sourcecode.c.h; path = light_casters.h; sourceTree = "<group>"; };
		54F90993253BDAAE005AE973 /* light_caster_light.vs */ = {isa = PBXFileReference; lastKnownFileType = sourcecode.glsl; path = light_caster_light.vs; sourceTree = "<group>"; };
		54F90994253BDABB005AE973 /* light_caster_object.vs */ = {isa = PBXFileReference; lastKnownFileType = sourcecode.glsl; path = light_caster_object.vs; sourceTree = "<group>"; };
		54F90995253BDAD4005AE973 /* light_caster_object.fs */ = {isa = PBXFileReference; lastKnownFileType = sourcecode.glsl; path = light_caster_object.fs; sourceTree = "<group>"; };
		54F90997253BDB04005AE973 /* light_caster_light.fs */ = {isa = PBXFileReference; lastKnownFileType = sourcecode.glsl; path = light_caster_light.fs; sourceTree = "<group>"; };
		54FC679B25FB2D9200936D4E /* terrain.cpp */ = {isa = PBXFileReference; fileEncoding = 4; lastKnownFileType = sourcecode.cpp.cpp; path = terrain.cpp; sourceTree = "<group>"; };
		54FC679C25FB2D9200936D4E /* terrain.hpp */ = {isa = PBXFileReference; fileEncoding = 4; lastKnownFileType = sourcecode.cpp.h; path = terrain.hpp; sourceTree = "<group>"; };
		54FC67B425FE3E5500936D4E /* CommonTree_1.obj */ = {isa = PBXFileReference; fileEncoding = 4; lastKnownFileType = text; path = CommonTree_1.obj; sourceTree = "<group>"; };
		54FC67B525FE3E5500936D4E /* Flowers.obj */ = {isa = PBXFileReference; fileEncoding = 4; lastKnownFileType = text; path = Flowers.obj; sourceTree = "<group>"; };
		54FC67B625FE3E5500936D4E /* Flowers.mtl */ = {isa = PBXFileReference; fileEncoding = 4; lastKnownFileType = text; path = Flowers.mtl; sourceTree = "<group>"; };
		54FC67B725FE3E5500936D4E /* CommonTree_1.mtl */ = {isa = PBXFileReference; fileEncoding = 4; lastKnownFileType = text; path = CommonTree_1.mtl; sourceTree = "<group>"; };
		54FC67B925FE4AD600936D4E /* perlin_noise.h */ = {isa = PBXFileReference; lastKnownFileType = sourcecode.c.h; path = perlin_noise.h; sourceTree = "<group>"; };
		54FC67BC25FEFE3000936D4E /* perlin.cpp */ = {isa = PBXFileReference; lastKnownFileType = sourcecode.cpp.cpp; name = perlin.cpp; path = opengl/plugin/head/perlin.cpp; sourceTree = SOURCE_ROOT; };
		54FC67BD25FEFE3000936D4E /* perlin.hpp */ = {isa = PBXFileReference; lastKnownFileType = sourcecode.cpp.h; name = perlin.hpp; path = opengl/plugin/head/perlin.hpp; sourceTree = SOURCE_ROOT; };
/* End PBXFileReference section */

/* Begin PBXFrameworksBuildPhase section */
		54CE6DDF24D2C2FC00E9A4D9 /* Frameworks */ = {
			isa = PBXFrameworksBuildPhase;
			buildActionMask = 2147483647;
			files = (
				54CE6E0224D2C66400E9A4D9 /* libGLEW.2.1.0.dylib in Frameworks */,
				54CE6E0324D2C66400E9A4D9 /* libglfw.3.3.dylib in Frameworks */,
				54CE6E0124D2C64500E9A4D9 /* OpenGL.framework in Frameworks */,
			);
			runOnlyForDeploymentPostprocessing = 0;
		};
/* End PBXFrameworksBuildPhase section */

/* Begin PBXGroup section */
		5423F6E125AAE2EB00218EC3 /* games */ = {
			isa = PBXGroup;
			children = (
				5423F6F825AAF6D800218EC3 /* first.h */,
				5423F6FB25B150B500218EC3 /* second.h */,
				5423F71F25B6AB3C00218EC3 /* third.h */,
			);
			name = games;
			sourceTree = "<group>";
		};
		5423F6E225AAE2F300218EC3 /* games */ = {
			isa = PBXGroup;
			children = (
				546412FC25C0471D00126AF5 /* postprocess */,
				546412EA25BE9EF800126AF5 /* particle */,
				5423F70F25B56E3600218EC3 /* game_level */,
				5423F70925B56C4400218EC3 /* game_object */,
				5423F6FD25B551BF00218EC3 /* sprite */,
				5423F6F025AAE72800218EC3 /* resources_use */,
				5423F6E425AAE30000218EC3 /* texture */,
				5423F6E325AAE2FA00218EC3 /* shader */,
				5423F6F325AAEE4A00218EC3 /* games.cpp */,
				5423F6F425AAEE4A00218EC3 /* games.hpp */,
			);
			name = games;
			sourceTree = "<group>";
		};
		5423F6E325AAE2FA00218EC3 /* shader */ = {
			isa = PBXGroup;
			children = (
				544BBEED24D9162D00802969 /* shaders.h */,
			);
			path = shader;
			sourceTree = "<group>";
		};
		5423F6E425AAE30000218EC3 /* texture */ = {
			isa = PBXGroup;
			children = (
				5423F6E625AAE37C00218EC3 /* texture.cpp */,
				5423F6E725AAE37C00218EC3 /* texture.hpp */,
			);
			name = texture;
			sourceTree = "<group>";
		};
		5423F6F025AAE72800218EC3 /* resources_use */ = {
			isa = PBXGroup;
			children = (
				5423F6EB25AAE71400218EC3 /* resoureces_use.cpp */,
				5423F6EC25AAE71400218EC3 /* resoureces_use.hpp */,
			);
			name = resources_use;
			sourceTree = "<group>";
		};
		5423F6FD25B551BF00218EC3 /* sprite */ = {
			isa = PBXGroup;
			children = (
				5423F6FE25B551DA00218EC3 /* SpriteRender.cpp */,
				5423F6FF25B551DA00218EC3 /* SpriteRender.hpp */,
			);
			path = sprite;
			sourceTree = "<group>";
		};
		5423F70325B5589000218EC3 /* sprite */ = {
			isa = PBXGroup;
			children = (
				5423F70625B558DA00218EC3 /* sprite.vs */,
			);
			name = sprite;
			sourceTree = "<group>";
		};
		5423F70425B5589C00218EC3 /* sprite */ = {
			isa = PBXGroup;
			children = (
				5423F70725B558F200218EC3 /* sprite.fs */,
			);
			name = sprite;
			sourceTree = "<group>";
		};
		5423F70925B56C4400218EC3 /* game_object */ = {
			isa = PBXGroup;
			children = (
				5423F72225B7E6EE00218EC3 /* ball */,
				5423F70A25B56C5800218EC3 /* game_object.cpp */,
				5423F70B25B56C5800218EC3 /* game_object.hpp */,
			);
			name = game_object;
			sourceTree = "<group>";
		};
		5423F70F25B56E3600218EC3 /* game_level */ = {
			isa = PBXGroup;
			children = (
				5423F71025B5709B00218EC3 /* games_level.cpp */,
				5423F71125B5709B00218EC3 /* games_level.hpp */,
			);
			path = game_level;
			sourceTree = "<group>";
		};
		5423F71625B6A3C600218EC3 /* combat */ = {
			isa = PBXGroup;
			children = (
				5423F71825B6A3ED00218EC3 /* first.combat */,
				5423F71925B6A3FB00218EC3 /* second.combat */,
				5423F71A25B6A40600218EC3 /* thrid.combat */,
				5423F71B25B6A42000218EC3 /* forth.combat */,
			);
			path = combat;
			sourceTree = "<group>";
		};
		5423F72225B7E6EE00218EC3 /* ball */ = {
			isa = PBXGroup;
			children = (
				5423F72525B7EDB100218EC3 /* ball.cpp */,
				5423F72625B7EDB100218EC3 /* ball.hpp */,
			);
			path = ball;
			sourceTree = "<group>";
		};
		5430285026675D43004BEC65 /* learn_opengl */ = {
			isa = PBXGroup;
			children = (
				54570CD02600873F0072EEA2 /* mesh */,
				544BF04D25F9E5C600BACCD8 /* terrain */,
				5452B0AF25F07AC900E614BF /* noise */,
				545D102C25A48559006F6FD4 /* combat */,
				545D102B25A48551006F6FD4 /* model */,
				545D102A25A4854B006F6FD4 /* light */,
				545D102925A4853D006F6FD4 /* pbr */,
				545D102525A484BC006F6FD4 /* senior_opengl */,
				545D101B25A48444006F6FD4 /* senior_light */,
				545D101625A48229006F6FD4 /* basics */,
				545D101525A481FF006F6FD4 /* utils */,
				54CF54822533199B004FD5D6 /* stb_image.h */,
				54FC67B925FE4AD600936D4E /* perlin_noise.h */,
			);
			name = learn_opengl;
			sourceTree = "<group>";
		};
		5430285126675D70004BEC65 /* basic */ = {
			isa = PBXGroup;
			children = (
				54302862267300CD004BEC65 /* fill */,
				5430285B2670974B004BEC65 /* geometry */,
				54302852266F3567004BEC65 /* line */,
			);
			name = basic;
			sourceTree = "<group>";
		};
		54302852266F3567004BEC65 /* line */ = {
			isa = PBXGroup;
			children = (
				54302855266F36DB004BEC65 /* dda.cpp */,
				54302857266F3DD9004BEC65 /* bresenham.cpp */,
				543028592670862A004BEC65 /* thread_bresenham.cpp */,
				5430285C26709766004BEC65 /* thread_screen.cpp */,
			);
			name = line;
			sourceTree = "<group>";
		};
		5430285B2670974B004BEC65 /* geometry */ = {
			isa = PBXGroup;
			children = (
				5430285E26709792004BEC65 /* circle.cpp */,
				543028602670B4BB004BEC65 /* ellipse.cpp */,
			);
			name = geometry;
			sourceTree = "<group>";
		};
		54302862267300CD004BEC65 /* fill */ = {
			isa = PBXGroup;
			children = (
				54302863267300E2004BEC65 /* boundary.cpp */,
			);
			name = fill;
			sourceTree = "<group>";
		};
		5446113825A6EF1900F2DC81 /* text_draw */ = {
			isa = PBXGroup;
			children = (
				5446113925A6EF3300F2DC81 /* text_draw.cpp */,
				5446113A25A6EF3300F2DC81 /* text_draw.hpp */,
			);
			name = text_draw;
			sourceTree = "<group>";
		};
		5446114425A6FD5600F2DC81 /* font */ = {
			isa = PBXGroup;
			children = (
				5446114525A6FD5600F2DC81 /* default.ttf */,
			);
			path = font;
			sourceTree = "<group>";
		};
		5446114725A7167500F2DC81 /* combat */ = {
			isa = PBXGroup;
			children = (
				546412F825C0358E00126AF5 /* postprocess */,
				546412F025BED0E800126AF5 /* particle */,
				5423F70325B5589000218EC3 /* sprite */,
				5446114F25A97E6D00F2DC81 /* font */,
				5446114825A7169200F2DC81 /* font.vs */,
			);
			path = combat;
			sourceTree = "<group>";
		};
		5446114925A7175300F2DC81 /* combat */ = {
			isa = PBXGroup;
			children = (
				546412F925C035AD00126AF5 /* postprocess */,
				546412F125BED0F500126AF5 /* particle */,
				5423F70425B5589C00218EC3 /* sprite */,
				5446115125A97E9800F2DC81 /* font */,
				5446114A25A7176100F2DC81 /* font.fs */,
			);
			path = combat;
			sourceTree = "<group>";
		};
		5446114F25A97E6D00F2DC81 /* font */ = {
			isa = PBXGroup;
			children = (
				5446115025A97E9000F2DC81 /* text.vs */,
			);
			name = font;
			sourceTree = "<group>";
		};
		5446115125A97E9800F2DC81 /* font */ = {
			isa = PBXGroup;
			children = (
				5446115225A97EA600F2DC81 /* text.fs */,
			);
			name = font;
			sourceTree = "<group>";
		};
		544BBEE824D5736D00802969 /* vs */ = {
			isa = PBXGroup;
			children = (
				54570CD526008FF50072EEA2 /* mesh */,
				54EC4EA225FA0CBF0091ACB4 /* terrain */,
				5452B0B225F0807C00E614BF /* noise */,
				5446114725A7167500F2DC81 /* combat */,
				54F90992253BDA98005AE973 /* light_casters */,
				54F90982253865BF005AE973 /* lightmap */,
				54531A192532F29B0021618E /* texture_test.vs */,
				54CF54862534921A004FD5D6 /* transform_test.vs */,
				54CF5487253548A3004FD5D6 /* coordinate_test.vs */,
				54CF5488253565B0004FD5D6 /* 3d_test.vs */,
				54F909712536E740005AE973 /* color_test.vs */,
				54F909762537374D005AE973 /* color_object_test.vs */,
				54F9097E253831DE005AE973 /* material_type_object.vs */,
				54F9097F253831F5005AE973 /* material_type_light.vs */,
			);
			path = vs;
			sourceTree = "<group>";
		};
		544BBEE924D5737700802969 /* fs */ = {
			isa = PBXGroup;
			children = (
				54570CD72600906D0072EEA2 /* mesh */,
				54EC4EA325FA0CC80091ACB4 /* terrain */,
				5452B0A525F0711A00E614BF /* noise */,
				5446114925A7175300F2DC81 /* combat */,
				54F90991253BDA86005AE973 /* light_casters */,
				54F90983253865CA005AE973 /* lightmap */,
				54531A1A2532F2B40021618E /* texture_test.fs */,
				54F909722536E750005AE973 /* color_light_test.fs */,
				54F909732536E782005AE973 /* color_object_test.fs */,
				54F9098025383217005AE973 /* material_type_object.fs */,
				54F9098125383253005AE973 /* material_type_light.fs */,
			);
			path = fs;
			sourceTree = "<group>";
		};
		544BF03725F5E0D700BACCD8 /* simplex */ = {
			isa = PBXGroup;
			children = (
				544BF03825F5E0E900BACCD8 /* simplex.cpp */,
				544BF03925F5E0E900BACCD8 /* simplex.hpp */,
				544BF03D25F7448A00BACCD8 /* simplex_test.cpp */,
				544BF03E25F7448A00BACCD8 /* simplex_test.hpp */,
			);
			name = simplex;
			sourceTree = "<group>";
		};
		544BF04625F769D300BACCD8 /* worley */ = {
			isa = PBXGroup;
			children = (
				544BF04725F769E200BACCD8 /* worley_noise.cpp */,
				544BF04825F769E200BACCD8 /* worley_noise.hpp */,
			);
			name = worley;
			sourceTree = "<group>";
		};
		544BF04C25F8DB2C00BACCD8 /* wavelet */ = {
			isa = PBXGroup;
			children = (
			);
			path = wavelet;
			sourceTree = "<group>";
		};
		544BF04D25F9E5C600BACCD8 /* terrain */ = {
			isa = PBXGroup;
			children = (
				54FC679B25FB2D9200936D4E /* terrain.cpp */,
				54FC679C25FB2D9200936D4E /* terrain.hpp */,
			);
			name = terrain;
			sourceTree = "<group>";
		};
		5452B09D25EDDA5800E614BF /* perlin */ = {
			isa = PBXGroup;
			children = (
				5452B0A825F07A9E00E614BF /* perlin_old.cpp */,
				5452B0A925F07A9E00E614BF /* perlin_old.hpp */,
				544BF03325F20A6800BACCD8 /* perlin_3d.cpp */,
				544BF03425F20A6800BACCD8 /* perlin_3d.hpp */,
				54FC67BC25FEFE3000936D4E /* perlin.cpp */,
				54FC67BD25FEFE3000936D4E /* perlin.hpp */,
			);
			name = perlin;
			path = noise;
			sourceTree = "<group>";
		};
		5452B0A525F0711A00E614BF /* noise */ = {
			isa = PBXGroup;
			children = (
				5452B0A625F0713600E614BF /* template.fs */,
				5452B0B425F0815600E614BF /* perlin.fs */,
			);
			path = noise;
			sourceTree = "<group>";
		};
		5452B0AF25F07AC900E614BF /* noise */ = {
			isa = PBXGroup;
			children = (
				544BF04C25F8DB2C00BACCD8 /* wavelet */,
				544BF04625F769D300BACCD8 /* worley */,
				544BF03725F5E0D700BACCD8 /* simplex */,
				5452B09D25EDDA5800E614BF /* perlin */,
			);
			name = noise;
			sourceTree = "<group>";
		};
		5452B0B225F0807C00E614BF /* noise */ = {
			isa = PBXGroup;
			children = (
				5452B0B325F0808E00E614BF /* perlin.vs */,
			);
			path = noise;
			sourceTree = "<group>";
		};
		5452B0BA25F1C33900E614BF /* noise */ = {
			isa = PBXGroup;
			children = (
			);
			path = noise;
			sourceTree = "<group>";
		};
		54531A0F25302D030021618E /* plugin */ = {
			isa = PBXGroup;
			children = (
				54531A172532EC150021618E /* head */,
				54531A1B2532F66C0021618E /* resources */,
				54531A182532F26D0021618E /* shader */,
			);
			path = plugin;
			sourceTree = "<group>";
		};
		54531A172532EC150021618E /* head */ = {
			isa = PBXGroup;
			children = (
				54781A71267A0EA900478EC4 /* sph */,
				5430285126675D70004BEC65 /* basic */,
				5430285026675D43004BEC65 /* learn_opengl */,
			);
			path = head;
			sourceTree = "<group>";
		};
		54531A182532F26D0021618E /* shader */ = {
			isa = PBXGroup;
			children = (
				544BBEE824D5736D00802969 /* vs */,
				544BBEE924D5737700802969 /* fs */,
			);
			path = shader;
			sourceTree = "<group>";
		};
		54531A1B2532F66C0021618E /* resources */ = {
			isa = PBXGroup;
			children = (
				54FC67A125FDC79300936D4E /* obj */,
				5452B0BA25F1C33900E614BF /* noise */,
				5423F71625B6A3C600218EC3 /* combat */,
				5446114425A6FD5600F2DC81 /* font */,
				54531A1C2532F6770021618E /* images */,
			);
			path = resources;
			sourceTree = "<group>";
		};
		54531A1C2532F6770021618E /* images */ = {
			isa = PBXGroup;
			children = (
				546412F425BEDCD800126AF5 /* ball_face.png */,
				546412F525BEDCD800126AF5 /* novel_thumb_6_m.jpg */,
				546412F625BEDCD800126AF5 /* particle.png */,
				5423F71D25B6AB0C00218EC3 /* background.jpg */,
				5423F71C25B6AB0C00218EC3 /* background01.jpg */,
				5423F71E25B6AB0C00218EC3 /* paddle.png */,
				5423F71525B57BF500218EC3 /* block_solid.png */,
				5423F71425B57BF500218EC3 /* block.png */,
				54F9098F25399370005AE973 /* matrix.jpg */,
				54F9098C253938C3005AE973 /* container2_specular.png */,
				54F9098B25387564005AE973 /* container2.png */,
				54CF548325332194004FD5D6 /* awesomeface.png */,
				54CF548425332194004FD5D6 /* area.png */,
			);
			path = images;
			sourceTree = "<group>";
		};
		54570CD02600873F0072EEA2 /* mesh */ = {
			isa = PBXGroup;
			children = (
				54570CD1260087540072EEA2 /* generate_mesh.cpp */,
				54570CD2260087540072EEA2 /* generate_mesh.hpp */,
			);
			name = mesh;
			sourceTree = "<group>";
		};
		54570CD526008FF50072EEA2 /* mesh */ = {
			isa = PBXGroup;
			children = (
				54570CD6260090110072EEA2 /* mesh.vs */,
				54570CDB2600A8C00072EEA2 /* meshTest.vs */,
			);
			path = mesh;
			sourceTree = "<group>";
		};
		54570CD72600906D0072EEA2 /* mesh */ = {
			isa = PBXGroup;
			children = (
				54570CD8260090790072EEA2 /* mesh.fs */,
				54570CDC2600A8F80072EEA2 /* meshTest.fs */,
			);
			path = mesh;
			sourceTree = "<group>";
		};
		545D101525A481FF006F6FD4 /* utils */ = {
			isa = PBXGroup;
			children = (
				5423F6E225AAE2F300218EC3 /* games */,
				545D103825A5C97D006F6FD4 /* text */,
				54CF54892536C358004FD5D6 /* camera.h */,
				545D101225A480D2006F6FD4 /* model.h */,
				545D101425A48129006F6FD4 /* mesh.h */,
				5423F72025B6AF2E00218EC3 /* monitor.h */,
			);
			name = utils;
			sourceTree = "<group>";
		};
		545D101625A48229006F6FD4 /* basics */ = {
			isa = PBXGroup;
			children = (
				544BBEEF24D955DF00802969 /* texture.h */,
				544BBEEC24D9162200802969 /* triangle.h */,
				544BBEEE24D9169B00802969 /* window_show.h */,
				54F9097525371306005AE973 /* color.h */,
				54F9097D25382BB6005AE973 /* material.h */,
				54F9098A25386A7F005AE973 /* lightmap.h */,
				54F90990253AC416005AE973 /* light_casters.h */,
			);
			name = basics;
			sourceTree = "<group>";
		};
		545D101B25A48444006F6FD4 /* senior_light */ = {
			isa = PBXGroup;
			children = (
				545D102425A484B7006F6FD4 /* ssao */,
				545D102325A484B0006F6FD4 /* shadow */,
				545D102225A4849E006F6FD4 /* parallax-mapping */,
				545D102125A48493006F6FD4 /* normal-mapping */,
				545D102025A4848E006F6FD4 /* hdr */,
				545D101F25A48487006F6FD4 /* gamma */,
				545D101E25A48467006F6FD4 /* deferred-shading */,
				545D101D25A4845C006F6FD4 /* bloom */,
				545D101C25A4844F006F6FD4 /* blinn_phong */,
			);
			path = senior_light;
			sourceTree = "<group>";
		};
		545D101C25A4844F006F6FD4 /* blinn_phong */ = {
			isa = PBXGroup;
			children = (
			);
			name = blinn_phong;
			sourceTree = "<group>";
		};
		545D101D25A4845C006F6FD4 /* bloom */ = {
			isa = PBXGroup;
			children = (
			);
			path = bloom;
			sourceTree = "<group>";
		};
		545D101E25A48467006F6FD4 /* deferred-shading */ = {
			isa = PBXGroup;
			children = (
			);
			name = "deferred-shading";
			sourceTree = "<group>";
		};
		545D101F25A48487006F6FD4 /* gamma */ = {
			isa = PBXGroup;
			children = (
			);
			path = gamma;
			sourceTree = "<group>";
		};
		545D102025A4848E006F6FD4 /* hdr */ = {
			isa = PBXGroup;
			children = (
			);
			name = hdr;
			sourceTree = "<group>";
		};
		545D102125A48493006F6FD4 /* normal-mapping */ = {
			isa = PBXGroup;
			children = (
			);
			path = "normal-mapping";
			sourceTree = "<group>";
		};
		545D102225A4849E006F6FD4 /* parallax-mapping */ = {
			isa = PBXGroup;
			children = (
			);
			name = "parallax-mapping";
			sourceTree = "<group>";
		};
		545D102325A484B0006F6FD4 /* shadow */ = {
			isa = PBXGroup;
			children = (
			);
			path = shadow;
			sourceTree = "<group>";
		};
		545D102425A484B7006F6FD4 /* ssao */ = {
			isa = PBXGroup;
			children = (
			);
			name = ssao;
			sourceTree = "<group>";
		};
		545D102525A484BC006F6FD4 /* senior_opengl */ = {
			isa = PBXGroup;
			children = (
				545D102825A484DC006F6FD4 /* instancing */,
				545D102725A484CF006F6FD4 /* geometry_shader */,
				545D102625A484C9006F6FD4 /* aliasing */,
			);
			path = senior_opengl;
			sourceTree = "<group>";
		};
		545D102625A484C9006F6FD4 /* aliasing */ = {
			isa = PBXGroup;
			children = (
			);
			name = aliasing;
			sourceTree = "<group>";
		};
		545D102725A484CF006F6FD4 /* geometry_shader */ = {
			isa = PBXGroup;
			children = (
			);
			path = geometry_shader;
			sourceTree = "<group>";
		};
		545D102825A484DC006F6FD4 /* instancing */ = {
			isa = PBXGroup;
			children = (
			);
			name = instancing;
			sourceTree = "<group>";
		};
		545D102925A4853D006F6FD4 /* pbr */ = {
			isa = PBXGroup;
			children = (
			);
			name = pbr;
			sourceTree = "<group>";
		};
		545D102A25A4854B006F6FD4 /* light */ = {
			isa = PBXGroup;
			children = (
			);
			path = light;
			sourceTree = "<group>";
		};
		545D102B25A48551006F6FD4 /* model */ = {
			isa = PBXGroup;
			children = (
			);
			name = model;
			sourceTree = "<group>";
		};
		545D102C25A48559006F6FD4 /* combat */ = {
			isa = PBXGroup;
			children = (
				5423F6E125AAE2EB00218EC3 /* games */,
				5446113825A6EF1900F2DC81 /* text_draw */,
				545D103025A4893D006F6FD4 /* text.h */,
			);
			path = combat;
			sourceTree = "<group>";
		};
		545D103825A5C97D006F6FD4 /* text */ = {
			isa = PBXGroup;
			children = (
				5446114C25A72F9900F2DC81 /* test123.cpp */,
				5446113425A5CEF100F2DC81 /* character_set.h */,
				5446113525A5CEF100F2DC81 /* texture_find.h */,
			);
			path = text;
			sourceTree = "<group>";
		};
		546412EA25BE9EF800126AF5 /* particle */ = {
			isa = PBXGroup;
			children = (
				546412EB25BE9F0700126AF5 /* particles.cpp */,
				546412EC25BE9F0700126AF5 /* particles.hpp */,
			);
			name = particle;
			sourceTree = "<group>";
		};
		546412F025BED0E800126AF5 /* particle */ = {
			isa = PBXGroup;
			children = (
				546412F225BED11100126AF5 /* particle.vs */,
			);
			path = particle;
			sourceTree = "<group>";
		};
		546412F125BED0F500126AF5 /* particle */ = {
			isa = PBXGroup;
			children = (
				546412F325BED12A00126AF5 /* particle.fs */,
			);
			path = particle;
			sourceTree = "<group>";
		};
		546412F825C0358E00126AF5 /* postprocess */ = {
			isa = PBXGroup;
			children = (
				546412FA25C035C300126AF5 /* postprocess.vs */,
			);
			path = postprocess;
			sourceTree = "<group>";
		};
		546412F925C035AD00126AF5 /* postprocess */ = {
			isa = PBXGroup;
			children = (
				546412FB25C035D200126AF5 /* postprocess.fs */,
			);
			path = postprocess;
			sourceTree = "<group>";
		};
		546412FC25C0471D00126AF5 /* postprocess */ = {
			isa = PBXGroup;
			children = (
				546412FD25C0472F00126AF5 /* postprocess.cpp */,
				546412FE25C0472F00126AF5 /* postprocess.hpp */,
			);
			name = postprocess;
			sourceTree = "<group>";
		};
		54781A71267A0EA900478EC4 /* sph */ = {
			isa = PBXGroup;
			children = (
				54781A7D267B96C200478EC4 /* neighbor */,
				54781A79267B0D4500478EC4 /* grid */,
				54781A72267A0EED00478EC4 /* point */,
				54781A76267A0F6600478EC4 /* sph_stdafx.cpp */,
				54781A77267A0F6600478EC4 /* sph_stdafx.hpp */,
			);
			name = sph;
			sourceTree = "<group>";
		};
		54781A72267A0EED00478EC4 /* point */ = {
			isa = PBXGroup;
			children = (
				54781A73267A0F0000478EC4 /* point_type.cpp */,
				54781A74267A0F0000478EC4 /* point_type.hpp */,
			);
			name = point;
			sourceTree = "<group>";
		};
		54781A79267B0D4500478EC4 /* grid */ = {
			isa = PBXGroup;
			children = (
				54781A7A267B0D5900478EC4 /* grid_type.cpp */,
				54781A7B267B0D5900478EC4 /* grid_type.hpp */,
			);
			name = grid;
			sourceTree = "<group>";
		};
		54781A7D267B96C200478EC4 /* neighbor */ = {
			isa = PBXGroup;
			children = (
				54781A7E267B96D700478EC4 /* neighbor_table.cpp */,
				54781A7F267B96D700478EC4 /* neighbor_table.hpp */,
			);
			name = neighbor;
			sourceTree = "<group>";
		};
		54CE6DD924D2C2FC00E9A4D9 = {
			isa = PBXGroup;
			children = (
				544BBEE024D3C4CD00802969 /* md */,
				54CE6DE424D2C2FC00E9A4D9 /* opengl */,
				54CE6DE324D2C2FC00E9A4D9 /* Products */,
				54CE6DF224D2C44400E9A4D9 /* Frameworks */,
			);
			sourceTree = "<group>";
		};
		54CE6DE324D2C2FC00E9A4D9 /* Products */ = {
			isa = PBXGroup;
			children = (
				54CE6DE224D2C2FC00E9A4D9 /* opengl */,
			);
			name = Products;
			sourceTree = "<group>";
		};
		54CE6DE424D2C2FC00E9A4D9 /* opengl */ = {
			isa = PBXGroup;
			children = (
				54531A0F25302D030021618E /* plugin */,
				54CE6DE524D2C2FC00E9A4D9 /* main.cpp */,
				54CE6E0424D2C76F00E9A4D9 /* glad.c */,
			);
			path = opengl;
			sourceTree = "<group>";
		};
		54CE6DF224D2C44400E9A4D9 /* Frameworks */ = {
			isa = PBXGroup;
			children = (
				54CE6DFF24D2C4AC00E9A4D9 /* libglfw.3.3.dylib */,
				54CE6DFD24D2C48700E9A4D9 /* libGLEW.2.1.0.dylib */,
				54CE6DFB24D2C46400E9A4D9 /* OpenGL.framework */,
				54CE6DF924D2C45E00E9A4D9 /* Cocoa.framework */,
				54CE6DF724D2C45800E9A4D9 /* GLUT.framework */,
				54CE6DF524D2C44D00E9A4D9 /* CoreVideo.framework */,
				54CE6DF324D2C44400E9A4D9 /* IOKit.framework */,
			);
			name = Frameworks;
			sourceTree = "<group>";
		};
		54EC4EA225FA0CBF0091ACB4 /* terrain */ = {
			isa = PBXGroup;
			children = (
				54EC4EA425FA0CDC0091ACB4 /* terrain.vs */,
			);
			path = terrain;
			sourceTree = "<group>";
		};
		54EC4EA325FA0CC80091ACB4 /* terrain */ = {
			isa = PBXGroup;
			children = (
				54EC4EA525FA0CEA0091ACB4 /* terrain.fs */,
			);
			path = terrain;
			sourceTree = "<group>";
		};
		54F90982253865BF005AE973 /* lightmap */ = {
			isa = PBXGroup;
			children = (
				54F9098625386601005AE973 /* lightmap_object.vs */,
				54F9098725386612005AE973 /* lightmap_light.vs */,
			);
			path = lightmap;
			sourceTree = "<group>";
		};
		54F90983253865CA005AE973 /* lightmap */ = {
			isa = PBXGroup;
			children = (
				54F9098825386628005AE973 /* lightmap_object.fs */,
				54F909892538663B005AE973 /* lightmap_light.fs */,
			);
			path = lightmap;
			sourceTree = "<group>";
		};
		54F90991253BDA86005AE973 /* light_casters */ = {
			isa = PBXGroup;
			children = (
				54F90995253BDAD4005AE973 /* light_caster_object.fs */,
				54F90997253BDB04005AE973 /* light_caster_light.fs */,
			);
			path = light_casters;
			sourceTree = "<group>";
		};
		54F90992253BDA98005AE973 /* light_casters */ = {
			isa = PBXGroup;
			children = (
				54F90993253BDAAE005AE973 /* light_caster_light.vs */,
				54F90994253BDABB005AE973 /* light_caster_object.vs */,
			);
			path = light_casters;
			sourceTree = "<group>";
		};
		54FC67A125FDC79300936D4E /* obj */ = {
			isa = PBXGroup;
			children = (
				54FC67B725FE3E5500936D4E /* CommonTree_1.mtl */,
				54FC67B425FE3E5500936D4E /* CommonTree_1.obj */,
				54FC67B625FE3E5500936D4E /* Flowers.mtl */,
				54FC67B525FE3E5500936D4E /* Flowers.obj */,
			);
			path = obj;
			sourceTree = "<group>";
		};
/* End PBXGroup section */

/* Begin PBXNativeTarget section */
		54CE6DE124D2C2FC00E9A4D9 /* opengl */ = {
			isa = PBXNativeTarget;
			buildConfigurationList = 54CE6DE924D2C2FC00E9A4D9 /* Build configuration list for PBXNativeTarget "opengl" */;
			buildPhases = (
				54CE6DDE24D2C2FC00E9A4D9 /* Sources */,
				54CE6DDF24D2C2FC00E9A4D9 /* Frameworks */,
				54CE6DE024D2C2FC00E9A4D9 /* CopyFiles */,
			);
			buildRules = (
			);
			dependencies = (
			);
			name = opengl;
			productName = opengl;
			productReference = 54CE6DE224D2C2FC00E9A4D9 /* opengl */;
			productType = "com.apple.product-type.tool";
		};
/* End PBXNativeTarget section */

/* Begin PBXProject section */
		54CE6DDA24D2C2FC00E9A4D9 /* Project object */ = {
			isa = PBXProject;
			attributes = {
				LastUpgradeCheck = 1160;
				ORGANIZATIONNAME = adsionli;
				TargetAttributes = {
					54CE6DE124D2C2FC00E9A4D9 = {
						CreatedOnToolsVersion = 11.6;
					};
				};
			};
			buildConfigurationList = 54CE6DDD24D2C2FC00E9A4D9 /* Build configuration list for PBXProject "opengl" */;
			compatibilityVersion = "Xcode 9.3";
			developmentRegion = en;
			hasScannedForEncodings = 0;
			knownRegions = (
				en,
				Base,
			);
			mainGroup = 54CE6DD924D2C2FC00E9A4D9;
			productRefGroup = 54CE6DE324D2C2FC00E9A4D9 /* Products */;
			projectDirPath = "";
			projectRoot = "";
			targets = (
				54CE6DE124D2C2FC00E9A4D9 /* opengl */,
			);
		};
/* End PBXProject section */

/* Begin PBXSourcesBuildPhase section */
		54CE6DDE24D2C2FC00E9A4D9 /* Sources */ = {
			isa = PBXSourcesBuildPhase;
			buildActionMask = 2147483647;
			files = (
				54FC67BE25FEFE3000936D4E /* perlin.cpp in Sources */,
				5430285A2670862A004BEC65 /* thread_bresenham.cpp in Sources */,
				543028612670B4BB004BEC65 /* ellipse.cpp in Sources */,
				5423F6F525AAEE4A00218EC3 /* games.cpp in Sources */,
				54781A75267A0F0000478EC4 /* point_type.cpp in Sources */,
				54CE6DE624D2C2FC00E9A4D9 /* main.cpp in Sources */,
				546412ED25BE9F0700126AF5 /* particles.cpp in Sources */,
				5423F70C25B56C5800218EC3 /* game_object.cpp in Sources */,
				544BF03F25F7448A00BACCD8 /* simplex_test.cpp in Sources */,
				54FC679D25FB2D9200936D4E /* terrain.cpp in Sources */,
				5446114D25A72F9900F2DC81 /* test123.cpp in Sources */,
				5452B0AA25F07A9E00E614BF /* perlin_old.cpp in Sources */,
				54302856266F36DB004BEC65 /* dda.cpp in Sources */,
				5423F6ED25AAE71400218EC3 /* resoureces_use.cpp in Sources */,
				54302864267300E2004BEC65 /* boundary.cpp in Sources */,
				5423F70025B551DA00218EC3 /* SpriteRender.cpp in Sources */,
				5423F71225B5709B00218EC3 /* games_level.cpp in Sources */,
				5423F72725B7EDB100218EC3 /* ball.cpp in Sources */,
				5423F6E825AAE37C00218EC3 /* texture.cpp in Sources */,
				5430285D26709766004BEC65 /* thread_screen.cpp in Sources */,
				5430285F26709792004BEC65 /* circle.cpp in Sources */,
				54781A7C267B0D5900478EC4 /* grid_type.cpp in Sources */,
				544BF03A25F5E0E900BACCD8 /* simplex.cpp in Sources */,
				544BF04925F769E200BACCD8 /* worley_noise.cpp in Sources */,
				54781A80267B96D700478EC4 /* neighbor_table.cpp in Sources */,
				54302858266F3DD9004BEC65 /* bresenham.cpp in Sources */,
				546412FF25C0472F00126AF5 /* postprocess.cpp in Sources */,
				5446113B25A6EF3300F2DC81 /* text_draw.cpp in Sources */,
				544BF03525F20A6800BACCD8 /* perlin_3d.cpp in Sources */,
				54CE6E0524D2C76F00E9A4D9 /* glad.c in Sources */,
				54570CD3260087540072EEA2 /* generate_mesh.cpp in Sources */,
				54781A78267A0F6600478EC4 /* sph_stdafx.cpp in Sources */,
			);
			runOnlyForDeploymentPostprocessing = 0;
		};
/* End PBXSourcesBuildPhase section */

/* Begin XCBuildConfiguration section */
		54CE6DE724D2C2FC00E9A4D9 /* Debug */ = {
			isa = XCBuildConfiguration;
			buildSettings = {
				ALWAYS_SEARCH_USER_PATHS = NO;
				CLANG_ANALYZER_NONNULL = YES;
				CLANG_ANALYZER_NUMBER_OBJECT_CONVERSION = YES_AGGRESSIVE;
				CLANG_CXX_LANGUAGE_STANDARD = "c++17";
				CLANG_CXX_LIBRARY = "libc++";
				CLANG_ENABLE_MODULES = YES;
				CLANG_ENABLE_OBJC_ARC = YES;
				CLANG_ENABLE_OBJC_WEAK = YES;
				CLANG_WARN_BLOCK_CAPTURE_AUTORELEASING = YES;
				CLANG_WARN_BOOL_CONVERSION = YES;
				CLANG_WARN_COMMA = YES;
				CLANG_WARN_CONSTANT_CONVERSION = YES;
				CLANG_WARN_DEPRECATED_OBJC_IMPLEMENTATIONS = YES;
				CLANG_WARN_DIRECT_OBJC_ISA_USAGE = YES_ERROR;
				CLANG_WARN_DOCUMENTATION_COMMENTS = YES;
				CLANG_WARN_EMPTY_BODY = YES;
				CLANG_WARN_ENUM_CONVERSION = YES;
				CLANG_WARN_INFINITE_RECURSION = YES;
				CLANG_WARN_INT_CONVERSION = YES;
				CLANG_WARN_NON_LITERAL_NULL_CONVERSION = YES;
				CLANG_WARN_OBJC_IMPLICIT_RETAIN_SELF = YES;
				CLANG_WARN_OBJC_LITERAL_CONVERSION = YES;
				CLANG_WARN_OBJC_ROOT_CLASS = YES_ERROR;
				CLANG_WARN_RANGE_LOOP_ANALYSIS = YES;
				CLANG_WARN_STRICT_PROTOTYPES = YES;
				CLANG_WARN_SUSPICIOUS_MOVE = YES;
				CLANG_WARN_UNGUARDED_AVAILABILITY = YES_AGGRESSIVE;
				CLANG_WARN_UNREACHABLE_CODE = YES;
				CLANG_WARN__DUPLICATE_METHOD_MATCH = YES;
				COPY_PHASE_STRIP = NO;
				DEBUG_INFORMATION_FORMAT = dwarf;
				ENABLE_STRICT_OBJC_MSGSEND = YES;
				ENABLE_TESTABILITY = YES;
				GCC_C_LANGUAGE_STANDARD = gnu11;
				GCC_DYNAMIC_NO_PIC = NO;
				GCC_NO_COMMON_BLOCKS = YES;
				GCC_OPTIMIZATION_LEVEL = 0;
				GCC_PREPROCESSOR_DEFINITIONS = (
					"DEBUG=1",
					"$(inherited)",
				);
				GCC_WARN_64_TO_32_BIT_CONVERSION = YES;
				GCC_WARN_ABOUT_RETURN_TYPE = YES_ERROR;
				GCC_WARN_UNDECLARED_SELECTOR = YES;
				GCC_WARN_UNINITIALIZED_AUTOS = YES_AGGRESSIVE;
				GCC_WARN_UNUSED_FUNCTION = YES;
				GCC_WARN_UNUSED_VARIABLE = YES;
				MACOSX_DEPLOYMENT_TARGET = 10.15;
				MTL_ENABLE_DEBUG_INFO = INCLUDE_SOURCE;
				MTL_FAST_MATH = YES;
				ONLY_ACTIVE_ARCH = YES;
				OTHER_LDFLAGS = (
					"-lfreetype",
					"-ObjC",
				);
				SDKROOT = macosx;
				WARNING_CFLAGS = "-Wno-documentation";
			};
			name = Debug;
		};
		54CE6DE824D2C2FC00E9A4D9 /* Release */ = {
			isa = XCBuildConfiguration;
			buildSettings = {
				ALWAYS_SEARCH_USER_PATHS = NO;
				CLANG_ANALYZER_NONNULL = YES;
				CLANG_ANALYZER_NUMBER_OBJECT_CONVERSION = YES_AGGRESSIVE;
				CLANG_CXX_LANGUAGE_STANDARD = "c++17";
				CLANG_CXX_LIBRARY = "libc++";
				CLANG_ENABLE_MODULES = YES;
				CLANG_ENABLE_OBJC_ARC = YES;
				CLANG_ENABLE_OBJC_WEAK = YES;
				CLANG_WARN_BLOCK_CAPTURE_AUTORELEASING = YES;
				CLANG_WARN_BOOL_CONVERSION = YES;
				CLANG_WARN_COMMA = YES;
				CLANG_WARN_CONSTANT_CONVERSION = YES;
				CLANG_WARN_DEPRECATED_OBJC_IMPLEMENTATIONS = YES;
				CLANG_WARN_DIRECT_OBJC_ISA_USAGE = YES_ERROR;
				CLANG_WARN_DOCUMENTATION_COMMENTS = YES;
				CLANG_WARN_EMPTY_BODY = YES;
				CLANG_WARN_ENUM_CONVERSION = YES;
				CLANG_WARN_INFINITE_RECURSION = YES;
				CLANG_WARN_INT_CONVERSION = YES;
				CLANG_WARN_NON_LITERAL_NULL_CONVERSION = YES;
				CLANG_WARN_OBJC_IMPLICIT_RETAIN_SELF = YES;
				CLANG_WARN_OBJC_LITERAL_CONVERSION = YES;
				CLANG_WARN_OBJC_ROOT_CLASS = YES_ERROR;
				CLANG_WARN_RANGE_LOOP_ANALYSIS = YES;
				CLANG_WARN_STRICT_PROTOTYPES = YES;
				CLANG_WARN_SUSPICIOUS_MOVE = YES;
				CLANG_WARN_UNGUARDED_AVAILABILITY = YES_AGGRESSIVE;
				CLANG_WARN_UNREACHABLE_CODE = YES;
				CLANG_WARN__DUPLICATE_METHOD_MATCH = YES;
				COPY_PHASE_STRIP = NO;
				DEBUG_INFORMATION_FORMAT = "dwarf-with-dsym";
				ENABLE_NS_ASSERTIONS = NO;
				ENABLE_STRICT_OBJC_MSGSEND = YES;
				GCC_C_LANGUAGE_STANDARD = gnu11;
				GCC_NO_COMMON_BLOCKS = YES;
				GCC_WARN_64_TO_32_BIT_CONVERSION = YES;
				GCC_WARN_ABOUT_RETURN_TYPE = YES_ERROR;
				GCC_WARN_UNDECLARED_SELECTOR = YES;
				GCC_WARN_UNINITIALIZED_AUTOS = YES_AGGRESSIVE;
				GCC_WARN_UNUSED_FUNCTION = YES;
				GCC_WARN_UNUSED_VARIABLE = YES;
				MACOSX_DEPLOYMENT_TARGET = 10.15;
				MTL_ENABLE_DEBUG_INFO = NO;
				MTL_FAST_MATH = YES;
				OTHER_LDFLAGS = (
					"-lfreetype",
					"-ObjC",
				);
				SDKROOT = macosx;
				WARNING_CFLAGS = "-Wno-documentation";
			};
			name = Release;
		};
		54CE6DEA24D2C2FC00E9A4D9 /* Debug */ = {
			isa = XCBuildConfiguration;
			buildSettings = {
				CODE_SIGN_STYLE = Automatic;
				HEADER_SEARCH_PATHS = (
					/usr/local/include,
					/usr/local/include/freetype2,
					"/usr/local/var/vcpkg/installed/x64-osx/include",
				);
				LIBRARY_SEARCH_PATHS = (
					/usr/local/lib,
					"/usr/local/var/vcpkg/installed/x64-osx/lib",
				);
				PRODUCT_NAME = "$(TARGET_NAME)";
			};
			name = Debug;
		};
		54CE6DEB24D2C2FC00E9A4D9 /* Release */ = {
			isa = XCBuildConfiguration;
			buildSettings = {
				CODE_SIGN_STYLE = Automatic;
				HEADER_SEARCH_PATHS = (
					/usr/local/include,
					/usr/local/include/freetype2,
					"/usr/local/var/vcpkg/installed/x64-osx/include",
				);
				LIBRARY_SEARCH_PATHS = (
					/usr/local/lib,
					"/usr/local/var/vcpkg/installed/x64-osx/lib",
				);
				PRODUCT_NAME = "$(TARGET_NAME)";
			};
			name = Release;
		};
/* End XCBuildConfiguration section */

/* Begin XCConfigurationList section */
		54CE6DDD24D2C2FC00E9A4D9 /* Build configuration list for PBXProject "opengl" */ = {
			isa = XCConfigurationList;
			buildConfigurations = (
				54CE6DE724D2C2FC00E9A4D9 /* Debug */,
				54CE6DE824D2C2FC00E9A4D9 /* Release */,
			);
			defaultConfigurationIsVisible = 0;
			defaultConfigurationName = Release;
		};
		54CE6DE924D2C2FC00E9A4D9 /* Build configuration list for PBXNativeTarget "opengl" */ = {
			isa = XCConfigurationList;
			buildConfigurations = (
				54CE6DEA24D2C2FC00E9A4D9 /* Debug */,
				54CE6DEB24D2C2FC00E9A4D9 /* Release */,
			);
			defaultConfigurationIsVisible = 0;
			defaultConfigurationName = Release;
		};
/* End XCConfigurationList section */
	};
	rootObject = 54CE6DDA24D2C2FC00E9A4D9 /* Project object */;
}
